// !$*UTF8*$!
{
	archiveVersion = 1;
	classes = {
	};
	objectVersion = 56;
	objects = {

/* Begin PBXBuildFile section */
		9A3C437A29682ADD002F8ECE /* Messages.framework in Frameworks */ = {isa = PBXBuildFile; fileRef = 9A3C437929682ADC002F8ECE /* Messages.framework */; };
		9A3C437D29682ADD002F8ECE /* MessagesViewController.swift in Sources */ = {isa = PBXBuildFile; fileRef = 9A3C437C29682ADD002F8ECE /* MessagesViewController.swift */; };
		9A3C438029682ADD002F8ECE /* MainInterface.storyboard in Resources */ = {isa = PBXBuildFile; fileRef = 9A3C437E29682ADD002F8ECE /* MainInterface.storyboard */; };
		9A3C438229682ADE002F8ECE /* Assets.xcassets in Resources */ = {isa = PBXBuildFile; fileRef = 9A3C438129682ADE002F8ECE /* Assets.xcassets */; };
		9A3C438629682ADE002F8ECE /* ShipIt-iMessage.appex in Embed Foundation Extensions */ = {isa = PBXBuildFile; fileRef = 9A3C437829682ADC002F8ECE /* ShipIt-iMessage.appex */; settings = {ATTRIBUTES = (RemoveHeadersOnCopy, ); }; };
		9A3C438B29682BF0002F8ECE /* Alamofire in Frameworks */ = {isa = PBXBuildFile; productRef = 9A3C438A29682BF0002F8ECE /* Alamofire */; };
		9A3C438D29682F36002F8ECE /* Events+CoreDataClass.swift in Sources */ = {isa = PBXBuildFile; fileRef = D74A6277295E22FB004B6629 /* Events+CoreDataClass.swift */; };
		9A3C438E29682F36002F8ECE /* Events+CoreDataProperties.swift in Sources */ = {isa = PBXBuildFile; fileRef = D74A6278295E22FB004B6629 /* Events+CoreDataProperties.swift */; };
		9A3C438F29682F36002F8ECE /* Package+CoreDataClass.swift in Sources */ = {isa = PBXBuildFile; fileRef = D74A6275295E22FB004B6629 /* Package+CoreDataClass.swift */; };
		9A3C439029682F36002F8ECE /* Package+CoreDataProperties.swift in Sources */ = {isa = PBXBuildFile; fileRef = D74A6276295E22FB004B6629 /* Package+CoreDataProperties.swift */; };
		9A3C439129682F39002F8ECE /* Model.xcdatamodeld in Sources */ = {isa = PBXBuildFile; fileRef = D7CB4C25295C9AB6002E2032 /* Model.xcdatamodeld */; };
		9A3C439229682F83002F8ECE /* DataController.swift in Sources */ = {isa = PBXBuildFile; fileRef = D7CB4C28295C9D1D002E2032 /* DataController.swift */; };
		9A3C439429682FDD002F8ECE /* SharePackageCell.swift in Sources */ = {isa = PBXBuildFile; fileRef = 9A3C439329682FDD002F8ECE /* SharePackageCell.swift */; };
		9A3C43952968347A002F8ECE /* Extensions.swift in Sources */ = {isa = PBXBuildFile; fileRef = D74A6273295DF229004B6629 /* Extensions.swift */; };
		9A3C439629684368002F8ECE /* SharePackageView.swift in Sources */ = {isa = PBXBuildFile; fileRef = D7614BDB2966E79D0099DE60 /* SharePackageView.swift */; };
		9A3C439729684371002F8ECE /* ShareTrackingProgressView.swift in Sources */ = {isa = PBXBuildFile; fileRef = D7614BDD2966E7AE0099DE60 /* ShareTrackingProgressView.swift */; };
		9A8A893E295C2CAC00291C9F /* AddPackageView.swift in Sources */ = {isa = PBXBuildFile; fileRef = 9A8A893D295C2CAC00291C9F /* AddPackageView.swift */; };
		9A8FE4DD295ECAC900C81E77 /* Alamofire in Frameworks */ = {isa = PBXBuildFile; productRef = 9A8FE4DC295ECAC900C81E77 /* Alamofire */; };
		9A8FE4E1295ECD8500C81E77 /* DecodingManager.swift in Sources */ = {isa = PBXBuildFile; fileRef = 9A8FE4E0295ECD8500C81E77 /* DecodingManager.swift */; };
		9AA90198295C926800947CF2 /* Popovers in Frameworks */ = {isa = PBXBuildFile; productRef = 9AA90197295C926800947CF2 /* Popovers */; };
		9AC0831E295AFB8500C0B1E0 /* ShipItApp.swift in Sources */ = {isa = PBXBuildFile; fileRef = 9AC0831D295AFB8500C0B1E0 /* ShipItApp.swift */; };
		9AC08322295AFB8600C0B1E0 /* Assets.xcassets in Resources */ = {isa = PBXBuildFile; fileRef = 9AC08321295AFB8600C0B1E0 /* Assets.xcassets */; };
		9AC08326295AFB8600C0B1E0 /* Preview Assets.xcassets in Resources */ = {isa = PBXBuildFile; fileRef = 9AC08325295AFB8600C0B1E0 /* Preview Assets.xcassets */; };
		9AF3469529642E4900215696 /* AlertViewPopover.swift in Sources */ = {isa = PBXBuildFile; fileRef = 9AF3469429642E4900215696 /* AlertViewPopover.swift */; };
		9AFF5E642966CA4D00580C83 /* WidgetKit.framework in Frameworks */ = {isa = PBXBuildFile; fileRef = 9AFF5E632966CA4D00580C83 /* WidgetKit.framework */; };
		9AFF5E662966CA4D00580C83 /* SwiftUI.framework in Frameworks */ = {isa = PBXBuildFile; fileRef = 9AFF5E652966CA4D00580C83 /* SwiftUI.framework */; };
		9AFF5E692966CA4D00580C83 /* ShiptIt_WidgetBundle.swift in Sources */ = {isa = PBXBuildFile; fileRef = 9AFF5E682966CA4D00580C83 /* ShiptIt_WidgetBundle.swift */; };
		9AFF5E6B2966CA4D00580C83 /* ShiptIt_Widget.swift in Sources */ = {isa = PBXBuildFile; fileRef = 9AFF5E6A2966CA4D00580C83 /* ShiptIt_Widget.swift */; };
		9AFF5E6E2966CA4E00580C83 /* Assets.xcassets in Resources */ = {isa = PBXBuildFile; fileRef = 9AFF5E6D2966CA4E00580C83 /* Assets.xcassets */; };
		9AFF5E702966CA4E00580C83 /* ShiptIt_Widget.intentdefinition in Sources */ = {isa = PBXBuildFile; fileRef = 9AFF5E6C2966CA4D00580C83 /* ShiptIt_Widget.intentdefinition */; };
		9AFF5E712966CA4E00580C83 /* ShiptIt_Widget.intentdefinition in Sources */ = {isa = PBXBuildFile; fileRef = 9AFF5E6C2966CA4D00580C83 /* ShiptIt_Widget.intentdefinition */; };
		9AFF5E742966CA4E00580C83 /* ShiptIt-WidgetExtension.appex in Embed Foundation Extensions */ = {isa = PBXBuildFile; fileRef = 9AFF5E612966CA4D00580C83 /* ShiptIt-WidgetExtension.appex */; settings = {ATTRIBUTES = (RemoveHeadersOnCopy, ); }; };
		9AFF5E7F2966CBC600580C83 /* Intents.framework in Frameworks */ = {isa = PBXBuildFile; fileRef = 9AFF5E7E2966CBC600580C83 /* Intents.framework */; };
		9AFF5E822966CBC600580C83 /* IntentHandler.swift in Sources */ = {isa = PBXBuildFile; fileRef = 9AFF5E812966CBC600580C83 /* IntentHandler.swift */; };
		9AFF5E862966CBC600580C83 /* ShipIt-WidgetIntentHandler.appex in Embed Foundation Extensions */ = {isa = PBXBuildFile; fileRef = 9AFF5E7D2966CBC600580C83 /* ShipIt-WidgetIntentHandler.appex */; settings = {ATTRIBUTES = (RemoveHeadersOnCopy, ); }; };
		9AFF5E8A2966CBEA00580C83 /* ShiptIt_Widget.intentdefinition in Sources */ = {isa = PBXBuildFile; fileRef = 9AFF5E6C2966CA4D00580C83 /* ShiptIt_Widget.intentdefinition */; };
		9AFF5E8B2966CC8600580C83 /* Model.xcdatamodeld in Sources */ = {isa = PBXBuildFile; fileRef = D7CB4C25295C9AB6002E2032 /* Model.xcdatamodeld */; };
		9AFF5E8C2966CC8700580C83 /* Model.xcdatamodeld in Sources */ = {isa = PBXBuildFile; fileRef = D7CB4C25295C9AB6002E2032 /* Model.xcdatamodeld */; };
		9AFF5E8D2966CC8900580C83 /* Events+CoreDataProperties.swift in Sources */ = {isa = PBXBuildFile; fileRef = D74A6278295E22FB004B6629 /* Events+CoreDataProperties.swift */; };
		9AFF5E8E2966CC8A00580C83 /* Events+CoreDataProperties.swift in Sources */ = {isa = PBXBuildFile; fileRef = D74A6278295E22FB004B6629 /* Events+CoreDataProperties.swift */; };
		9AFF5E8F2966CC8B00580C83 /* Package+CoreDataProperties.swift in Sources */ = {isa = PBXBuildFile; fileRef = D74A6276295E22FB004B6629 /* Package+CoreDataProperties.swift */; };
		9AFF5E902966CC8C00580C83 /* Package+CoreDataProperties.swift in Sources */ = {isa = PBXBuildFile; fileRef = D74A6276295E22FB004B6629 /* Package+CoreDataProperties.swift */; };
		9AFF5E912966CC8E00580C83 /* Events+CoreDataClass.swift in Sources */ = {isa = PBXBuildFile; fileRef = D74A6277295E22FB004B6629 /* Events+CoreDataClass.swift */; };
		9AFF5E922966CC8E00580C83 /* Events+CoreDataClass.swift in Sources */ = {isa = PBXBuildFile; fileRef = D74A6277295E22FB004B6629 /* Events+CoreDataClass.swift */; };
		9AFF5E932966CC9000580C83 /* Package+CoreDataClass.swift in Sources */ = {isa = PBXBuildFile; fileRef = D74A6275295E22FB004B6629 /* Package+CoreDataClass.swift */; };
		9AFF5E942966CC9100580C83 /* Package+CoreDataClass.swift in Sources */ = {isa = PBXBuildFile; fileRef = D74A6275295E22FB004B6629 /* Package+CoreDataClass.swift */; };
		9AFF5E9C2966D19F00580C83 /* Alamofire in Frameworks */ = {isa = PBXBuildFile; productRef = 9AFF5E9B2966D19F00580C83 /* Alamofire */; };
		9AFF5E9D2966D25200580C83 /* DecodingManager.swift in Sources */ = {isa = PBXBuildFile; fileRef = 9A8FE4E0295ECD8500C81E77 /* DecodingManager.swift */; };
		9AFF5E9E2966D27500580C83 /* WidgetOrderManager.swift in Sources */ = {isa = PBXBuildFile; fileRef = 9AFF5E992966D18200580C83 /* WidgetOrderManager.swift */; };
		9AFF5EA02966D51900580C83 /* WidgetOrderManager.swift in Sources */ = {isa = PBXBuildFile; fileRef = 9AFF5E992966D18200580C83 /* WidgetOrderManager.swift */; };
		9AFF5EA12966D58100580C83 /* OrderManager.swift in Sources */ = {isa = PBXBuildFile; fileRef = D74A6271295DE4CB004B6629 /* OrderManager.swift */; };
		9AFF5EA22966D7BB00580C83 /* Extensions.swift in Sources */ = {isa = PBXBuildFile; fileRef = D74A6273295DF229004B6629 /* Extensions.swift */; };
		9AFF5EA32966D7BB00580C83 /* Extensions.swift in Sources */ = {isa = PBXBuildFile; fileRef = D74A6273295DF229004B6629 /* Extensions.swift */; };
		D70B62BB298EDB36009415B8 /* Declarations.swift in Sources */ = {isa = PBXBuildFile; fileRef = D7CB4C23295C9602002E2032 /* Declarations.swift */; };
		D71FB30F296ADAB30002F6F2 /* NotificationsManager.swift in Sources */ = {isa = PBXBuildFile; fileRef = D71FB30E296AD8900002F6F2 /* NotificationsManager.swift */; };
		D74A6272295DE4CB004B6629 /* OrderManager.swift in Sources */ = {isa = PBXBuildFile; fileRef = D74A6271295DE4CB004B6629 /* OrderManager.swift */; };
		D74A6274295DF229004B6629 /* Extensions.swift in Sources */ = {isa = PBXBuildFile; fileRef = D74A6273295DF229004B6629 /* Extensions.swift */; };
		D74A6279295E22FB004B6629 /* Package+CoreDataClass.swift in Sources */ = {isa = PBXBuildFile; fileRef = D74A6275295E22FB004B6629 /* Package+CoreDataClass.swift */; };
		D74A627A295E22FB004B6629 /* Package+CoreDataProperties.swift in Sources */ = {isa = PBXBuildFile; fileRef = D74A6276295E22FB004B6629 /* Package+CoreDataProperties.swift */; };
		D74A627B295E22FB004B6629 /* Events+CoreDataClass.swift in Sources */ = {isa = PBXBuildFile; fileRef = D74A6277295E22FB004B6629 /* Events+CoreDataClass.swift */; };
		D74A627C295E22FB004B6629 /* Events+CoreDataProperties.swift in Sources */ = {isa = PBXBuildFile; fileRef = D74A6278295E22FB004B6629 /* Events+CoreDataProperties.swift */; };
		D7614BDC2966E79D0099DE60 /* SharePackageView.swift in Sources */ = {isa = PBXBuildFile; fileRef = D7614BDB2966E79D0099DE60 /* SharePackageView.swift */; };
		D7614BDE2966E7AE0099DE60 /* ShareTrackingProgressView.swift in Sources */ = {isa = PBXBuildFile; fileRef = D7614BDD2966E7AE0099DE60 /* ShareTrackingProgressView.swift */; };
		D7614BE12966F88E0099DE60 /* DataController.swift in Sources */ = {isa = PBXBuildFile; fileRef = D7CB4C28295C9D1D002E2032 /* DataController.swift */; };
		D7614BE22966F88F0099DE60 /* DataController.swift in Sources */ = {isa = PBXBuildFile; fileRef = D7CB4C28295C9D1D002E2032 /* DataController.swift */; };
		D76300072965705C00DAB7F3 /* TrackingProgressView.swift in Sources */ = {isa = PBXBuildFile; fileRef = D76300062965705C00DAB7F3 /* TrackingProgressView.swift */; };
		D7AF5CD9295B038C00F2364E /* WelcomeView.swift in Sources */ = {isa = PBXBuildFile; fileRef = D7AF5CD8295B038C00F2364E /* WelcomeView.swift */; };
		D7AF5CDB295B17A200F2364E /* HomeView.swift in Sources */ = {isa = PBXBuildFile; fileRef = D7AF5CDA295B17A200F2364E /* HomeView.swift */; };
		D7C69D7D2980486C00D35BE9 /* LocationManager.swift in Sources */ = {isa = PBXBuildFile; fileRef = D7C69D7C2980486C00D35BE9 /* LocationManager.swift */; };
		D7CB4C24295C9602002E2032 /* Declarations.swift in Sources */ = {isa = PBXBuildFile; fileRef = D7CB4C23295C9602002E2032 /* Declarations.swift */; };
		D7CB4C27295C9AB7002E2032 /* Model.xcdatamodeld in Sources */ = {isa = PBXBuildFile; fileRef = D7CB4C25295C9AB6002E2032 /* Model.xcdatamodeld */; };
		D7CB4C29295C9D1D002E2032 /* DataController.swift in Sources */ = {isa = PBXBuildFile; fileRef = D7CB4C28295C9D1D002E2032 /* DataController.swift */; };
		D7D5CB23295B8A6D00FBDA44 /* PackageDetailView.swift in Sources */ = {isa = PBXBuildFile; fileRef = D7D5CB22295B8A6D00FBDA44 /* PackageDetailView.swift */; };
		D7FE384B295B243F0034BC25 /* SettingsView.swift in Sources */ = {isa = PBXBuildFile; fileRef = D7FE384A295B243F0034BC25 /* SettingsView.swift */; };
/* End PBXBuildFile section */

/* Begin PBXContainerItemProxy section */
		9A3C438429682ADE002F8ECE /* PBXContainerItemProxy */ = {
			isa = PBXContainerItemProxy;
			containerPortal = 9AC08312295AFB8500C0B1E0 /* Project object */;
			proxyType = 1;
			remoteGlobalIDString = 9A3C437729682ADC002F8ECE;
			remoteInfo = "ShipIt-iMessage";
		};
		9AFF5E722966CA4E00580C83 /* PBXContainerItemProxy */ = {
			isa = PBXContainerItemProxy;
			containerPortal = 9AC08312295AFB8500C0B1E0 /* Project object */;
			proxyType = 1;
			remoteGlobalIDString = 9AFF5E602966CA4D00580C83;
			remoteInfo = "ShiptIt-WidgetExtension";
		};
		9AFF5E842966CBC600580C83 /* PBXContainerItemProxy */ = {
			isa = PBXContainerItemProxy;
			containerPortal = 9AC08312295AFB8500C0B1E0 /* Project object */;
			proxyType = 1;
			remoteGlobalIDString = 9AFF5E7C2966CBC600580C83;
			remoteInfo = "ShipIt-WidgetIntentHandler";
		};
/* End PBXContainerItemProxy section */

/* Begin PBXCopyFilesBuildPhase section */
		9AFF5E752966CA4E00580C83 /* Embed Foundation Extensions */ = {
			isa = PBXCopyFilesBuildPhase;
			buildActionMask = 2147483647;
			dstPath = "";
			dstSubfolderSpec = 13;
			files = (
				9A3C438629682ADE002F8ECE /* ShipIt-iMessage.appex in Embed Foundation Extensions */,
				9AFF5E862966CBC600580C83 /* ShipIt-WidgetIntentHandler.appex in Embed Foundation Extensions */,
				9AFF5E742966CA4E00580C83 /* ShiptIt-WidgetExtension.appex in Embed Foundation Extensions */,
			);
			name = "Embed Foundation Extensions";
			runOnlyForDeploymentPostprocessing = 0;
		};
/* End PBXCopyFilesBuildPhase section */

/* Begin PBXFileReference section */
		9A3C437829682ADC002F8ECE /* ShipIt-iMessage.appex */ = {isa = PBXFileReference; explicitFileType = "wrapper.app-extension"; includeInIndex = 0; path = "ShipIt-iMessage.appex"; sourceTree = BUILT_PRODUCTS_DIR; };
		9A3C437929682ADC002F8ECE /* Messages.framework */ = {isa = PBXFileReference; lastKnownFileType = wrapper.framework; name = Messages.framework; path = Library/Frameworks/Messages.framework; sourceTree = DEVELOPER_DIR; };
		9A3C437C29682ADD002F8ECE /* MessagesViewController.swift */ = {isa = PBXFileReference; lastKnownFileType = sourcecode.swift; path = MessagesViewController.swift; sourceTree = "<group>"; };
		9A3C437F29682ADD002F8ECE /* Base */ = {isa = PBXFileReference; lastKnownFileType = file.storyboard; name = Base; path = Base.lproj/MainInterface.storyboard; sourceTree = "<group>"; };
		9A3C438129682ADE002F8ECE /* Assets.xcassets */ = {isa = PBXFileReference; lastKnownFileType = folder.assetcatalog; path = Assets.xcassets; sourceTree = "<group>"; };
		9A3C438329682ADE002F8ECE /* Info.plist */ = {isa = PBXFileReference; lastKnownFileType = text.plist.xml; path = Info.plist; sourceTree = "<group>"; };
		9A3C438C29682CFD002F8ECE /* ShipIt-iMessage.entitlements */ = {isa = PBXFileReference; lastKnownFileType = text.plist.entitlements; path = "ShipIt-iMessage.entitlements"; sourceTree = "<group>"; };
		9A3C439329682FDD002F8ECE /* SharePackageCell.swift */ = {isa = PBXFileReference; lastKnownFileType = sourcecode.swift; path = SharePackageCell.swift; sourceTree = "<group>"; };
		9A8A893D295C2CAC00291C9F /* AddPackageView.swift */ = {isa = PBXFileReference; lastKnownFileType = sourcecode.swift; path = AddPackageView.swift; sourceTree = "<group>"; };
		9A8FE4E0295ECD8500C81E77 /* DecodingManager.swift */ = {isa = PBXFileReference; lastKnownFileType = sourcecode.swift; path = DecodingManager.swift; sourceTree = "<group>"; };
		9AC0831A295AFB8500C0B1E0 /* ShipIt.app */ = {isa = PBXFileReference; explicitFileType = wrapper.application; includeInIndex = 0; path = ShipIt.app; sourceTree = BUILT_PRODUCTS_DIR; };
		9AC0831D295AFB8500C0B1E0 /* ShipItApp.swift */ = {isa = PBXFileReference; lastKnownFileType = sourcecode.swift; path = ShipItApp.swift; sourceTree = "<group>"; };
		9AC08321295AFB8600C0B1E0 /* Assets.xcassets */ = {isa = PBXFileReference; lastKnownFileType = folder.assetcatalog; path = Assets.xcassets; sourceTree = "<group>"; };
		9AC08323295AFB8600C0B1E0 /* ShipIt.entitlements */ = {isa = PBXFileReference; lastKnownFileType = text.plist.entitlements; path = ShipIt.entitlements; sourceTree = "<group>"; };
		9AC08325295AFB8600C0B1E0 /* Preview Assets.xcassets */ = {isa = PBXFileReference; lastKnownFileType = folder.assetcatalog; path = "Preview Assets.xcassets"; sourceTree = "<group>"; };
		9AF3469429642E4900215696 /* AlertViewPopover.swift */ = {isa = PBXFileReference; lastKnownFileType = sourcecode.swift; path = AlertViewPopover.swift; sourceTree = "<group>"; };
		9AFF5E612966CA4D00580C83 /* ShiptIt-WidgetExtension.appex */ = {isa = PBXFileReference; explicitFileType = "wrapper.app-extension"; includeInIndex = 0; path = "ShiptIt-WidgetExtension.appex"; sourceTree = BUILT_PRODUCTS_DIR; };
		9AFF5E632966CA4D00580C83 /* WidgetKit.framework */ = {isa = PBXFileReference; lastKnownFileType = wrapper.framework; name = WidgetKit.framework; path = System/Library/Frameworks/WidgetKit.framework; sourceTree = SDKROOT; };
		9AFF5E652966CA4D00580C83 /* SwiftUI.framework */ = {isa = PBXFileReference; lastKnownFileType = wrapper.framework; name = SwiftUI.framework; path = System/Library/Frameworks/SwiftUI.framework; sourceTree = SDKROOT; };
		9AFF5E682966CA4D00580C83 /* ShiptIt_WidgetBundle.swift */ = {isa = PBXFileReference; lastKnownFileType = sourcecode.swift; path = ShiptIt_WidgetBundle.swift; sourceTree = "<group>"; };
		9AFF5E6A2966CA4D00580C83 /* ShiptIt_Widget.swift */ = {isa = PBXFileReference; lastKnownFileType = sourcecode.swift; path = ShiptIt_Widget.swift; sourceTree = "<group>"; };
		9AFF5E6C2966CA4D00580C83 /* ShiptIt_Widget.intentdefinition */ = {isa = PBXFileReference; lastKnownFileType = file.intentdefinition; path = ShiptIt_Widget.intentdefinition; sourceTree = "<group>"; };
		9AFF5E6D2966CA4E00580C83 /* Assets.xcassets */ = {isa = PBXFileReference; lastKnownFileType = folder.assetcatalog; path = Assets.xcassets; sourceTree = "<group>"; };
		9AFF5E6F2966CA4E00580C83 /* Info.plist */ = {isa = PBXFileReference; lastKnownFileType = text.plist.xml; path = Info.plist; sourceTree = "<group>"; };
		9AFF5E7D2966CBC600580C83 /* ShipIt-WidgetIntentHandler.appex */ = {isa = PBXFileReference; explicitFileType = "wrapper.app-extension"; includeInIndex = 0; path = "ShipIt-WidgetIntentHandler.appex"; sourceTree = BUILT_PRODUCTS_DIR; };
		9AFF5E7E2966CBC600580C83 /* Intents.framework */ = {isa = PBXFileReference; lastKnownFileType = wrapper.framework; name = Intents.framework; path = System/Library/Frameworks/Intents.framework; sourceTree = SDKROOT; };
		9AFF5E812966CBC600580C83 /* IntentHandler.swift */ = {isa = PBXFileReference; lastKnownFileType = sourcecode.swift; path = IntentHandler.swift; sourceTree = "<group>"; };
		9AFF5E832966CBC600580C83 /* Info.plist */ = {isa = PBXFileReference; lastKnownFileType = text.plist.xml; path = Info.plist; sourceTree = "<group>"; };
		9AFF5E992966D18200580C83 /* WidgetOrderManager.swift */ = {isa = PBXFileReference; lastKnownFileType = sourcecode.swift; path = WidgetOrderManager.swift; sourceTree = "<group>"; };
		D71FB30E296AD8900002F6F2 /* NotificationsManager.swift */ = {isa = PBXFileReference; lastKnownFileType = sourcecode.swift; path = NotificationsManager.swift; sourceTree = "<group>"; };
		D741E09C2964B7060060C84F /* Info.plist */ = {isa = PBXFileReference; lastKnownFileType = text.plist; path = Info.plist; sourceTree = "<group>"; };
		D74A6271295DE4CB004B6629 /* OrderManager.swift */ = {isa = PBXFileReference; lastKnownFileType = sourcecode.swift; path = OrderManager.swift; sourceTree = "<group>"; };
		D74A6273295DF229004B6629 /* Extensions.swift */ = {isa = PBXFileReference; lastKnownFileType = sourcecode.swift; path = Extensions.swift; sourceTree = "<group>"; };
		D74A6275295E22FB004B6629 /* Package+CoreDataClass.swift */ = {isa = PBXFileReference; lastKnownFileType = sourcecode.swift; path = "Package+CoreDataClass.swift"; sourceTree = "<group>"; };
		D74A6276295E22FB004B6629 /* Package+CoreDataProperties.swift */ = {isa = PBXFileReference; lastKnownFileType = sourcecode.swift; path = "Package+CoreDataProperties.swift"; sourceTree = "<group>"; };
		D74A6277295E22FB004B6629 /* Events+CoreDataClass.swift */ = {isa = PBXFileReference; lastKnownFileType = sourcecode.swift; path = "Events+CoreDataClass.swift"; sourceTree = "<group>"; };
		D74A6278295E22FB004B6629 /* Events+CoreDataProperties.swift */ = {isa = PBXFileReference; lastKnownFileType = sourcecode.swift; path = "Events+CoreDataProperties.swift"; sourceTree = "<group>"; };
		D7614BDB2966E79D0099DE60 /* SharePackageView.swift */ = {isa = PBXFileReference; lastKnownFileType = sourcecode.swift; path = SharePackageView.swift; sourceTree = "<group>"; };
		D7614BDD2966E7AE0099DE60 /* ShareTrackingProgressView.swift */ = {isa = PBXFileReference; lastKnownFileType = sourcecode.swift; path = ShareTrackingProgressView.swift; sourceTree = "<group>"; };
		D7614BDF2966F7F20099DE60 /* ShiptIt-WidgetExtension.entitlements */ = {isa = PBXFileReference; lastKnownFileType = text.plist.entitlements; path = "ShiptIt-WidgetExtension.entitlements"; sourceTree = "<group>"; };
		D7614BE02966F7FE0099DE60 /* ShipIt-WidgetIntentHandler.entitlements */ = {isa = PBXFileReference; lastKnownFileType = text.plist.entitlements; path = "ShipIt-WidgetIntentHandler.entitlements"; sourceTree = "<group>"; };
		D76300062965705C00DAB7F3 /* TrackingProgressView.swift */ = {isa = PBXFileReference; lastKnownFileType = sourcecode.swift; path = TrackingProgressView.swift; sourceTree = "<group>"; };
		D7AF5CD8295B038C00F2364E /* WelcomeView.swift */ = {isa = PBXFileReference; lastKnownFileType = sourcecode.swift; path = WelcomeView.swift; sourceTree = "<group>"; };
		D7AF5CDA295B17A200F2364E /* HomeView.swift */ = {isa = PBXFileReference; lastKnownFileType = sourcecode.swift; path = HomeView.swift; sourceTree = "<group>"; };
		D7C69D7C2980486C00D35BE9 /* LocationManager.swift */ = {isa = PBXFileReference; lastKnownFileType = sourcecode.swift; path = LocationManager.swift; sourceTree = "<group>"; };
		D7CB4C23295C9602002E2032 /* Declarations.swift */ = {isa = PBXFileReference; lastKnownFileType = sourcecode.swift; path = Declarations.swift; sourceTree = "<group>"; };
		D7CB4C26295C9AB7002E2032 /* Model.xcdatamodel */ = {isa = PBXFileReference; lastKnownFileType = wrapper.xcdatamodel; path = Model.xcdatamodel; sourceTree = "<group>"; };
		D7CB4C28295C9D1D002E2032 /* DataController.swift */ = {isa = PBXFileReference; lastKnownFileType = sourcecode.swift; path = DataController.swift; sourceTree = "<group>"; };
		D7D5CB22295B8A6D00FBDA44 /* PackageDetailView.swift */ = {isa = PBXFileReference; lastKnownFileType = sourcecode.swift; path = PackageDetailView.swift; sourceTree = "<group>"; };
		D7FE384A295B243F0034BC25 /* SettingsView.swift */ = {isa = PBXFileReference; lastKnownFileType = sourcecode.swift; path = SettingsView.swift; sourceTree = "<group>"; };
/* End PBXFileReference section */

/* Begin PBXFrameworksBuildPhase section */
		9A3C437529682ADC002F8ECE /* Frameworks */ = {
			isa = PBXFrameworksBuildPhase;
			buildActionMask = 2147483647;
			files = (
				9A3C437A29682ADD002F8ECE /* Messages.framework in Frameworks */,
				9A3C438B29682BF0002F8ECE /* Alamofire in Frameworks */,
			);
			runOnlyForDeploymentPostprocessing = 0;
		};
		9AC08317295AFB8500C0B1E0 /* Frameworks */ = {
			isa = PBXFrameworksBuildPhase;
			buildActionMask = 2147483647;
			files = (
				9AA90198295C926800947CF2 /* Popovers in Frameworks */,
				9A8FE4DD295ECAC900C81E77 /* Alamofire in Frameworks */,
			);
			runOnlyForDeploymentPostprocessing = 0;
		};
		9AFF5E5E2966CA4D00580C83 /* Frameworks */ = {
			isa = PBXFrameworksBuildPhase;
			buildActionMask = 2147483647;
			files = (
				9AFF5E9C2966D19F00580C83 /* Alamofire in Frameworks */,
				9AFF5E662966CA4D00580C83 /* SwiftUI.framework in Frameworks */,
				9AFF5E642966CA4D00580C83 /* WidgetKit.framework in Frameworks */,
			);
			runOnlyForDeploymentPostprocessing = 0;
		};
		9AFF5E7A2966CBC600580C83 /* Frameworks */ = {
			isa = PBXFrameworksBuildPhase;
			buildActionMask = 2147483647;
			files = (
				9AFF5E7F2966CBC600580C83 /* Intents.framework in Frameworks */,
			);
			runOnlyForDeploymentPostprocessing = 0;
		};
/* End PBXFrameworksBuildPhase section */

/* Begin PBXGroup section */
		9A3C437B29682ADD002F8ECE /* ShipIt-iMessage */ = {
			isa = PBXGroup;
			children = (
				9A3C438C29682CFD002F8ECE /* ShipIt-iMessage.entitlements */,
				9A3C437C29682ADD002F8ECE /* MessagesViewController.swift */,
				9A3C439329682FDD002F8ECE /* SharePackageCell.swift */,
				9A3C437E29682ADD002F8ECE /* MainInterface.storyboard */,
				9A3C438129682ADE002F8ECE /* Assets.xcassets */,
				9A3C438329682ADE002F8ECE /* Info.plist */,
			);
			path = "ShipIt-iMessage";
			sourceTree = "<group>";
		};
		9A8FE4DE295ECD5D00C81E77 /* Interface */ = {
			isa = PBXGroup;
			children = (
				D7614BDA2966E78B0099DE60 /* Share sheet */,
				D7AF5CDA295B17A200F2364E /* HomeView.swift */,
				D7C69D7C2980486C00D35BE9 /* LocationManager.swift */,
				9A8A893D295C2CAC00291C9F /* AddPackageView.swift */,
				9AF3469429642E4900215696 /* AlertViewPopover.swift */,
				D7D5CB22295B8A6D00FBDA44 /* PackageDetailView.swift */,
				D7FE384A295B243F0034BC25 /* SettingsView.swift */,
				D7AF5CD8295B038C00F2364E /* WelcomeView.swift */,
				D76300062965705C00DAB7F3 /* TrackingProgressView.swift */,
			);
			path = Interface;
			sourceTree = "<group>";
		};
		9A8FE4DF295ECD7200C81E77 /* CoreData */ = {
			isa = PBXGroup;
			children = (
				D74A6275295E22FB004B6629 /* Package+CoreDataClass.swift */,
				D74A6276295E22FB004B6629 /* Package+CoreDataProperties.swift */,
				D74A6277295E22FB004B6629 /* Events+CoreDataClass.swift */,
				D74A6278295E22FB004B6629 /* Events+CoreDataProperties.swift */,
				D7CB4C25295C9AB6002E2032 /* Model.xcdatamodeld */,
			);
			path = CoreData;
			sourceTree = "<group>";
		};
		9AC08311295AFB8500C0B1E0 = {
			isa = PBXGroup;
			children = (
				D7614BDF2966F7F20099DE60 /* ShiptIt-WidgetExtension.entitlements */,
				9AC0831C295AFB8500C0B1E0 /* ShipIt */,
				9AFF5E672966CA4D00580C83 /* ShiptIt-Widget */,
				9AFF5E802966CBC600580C83 /* ShipIt-WidgetIntentHandler */,
				9A3C437B29682ADD002F8ECE /* ShipIt-iMessage */,
				9AFF5E622966CA4D00580C83 /* Frameworks */,
				9AC0831B295AFB8500C0B1E0 /* Products */,
			);
			sourceTree = "<group>";
		};
		9AC0831B295AFB8500C0B1E0 /* Products */ = {
			isa = PBXGroup;
			children = (
				9AC0831A295AFB8500C0B1E0 /* ShipIt.app */,
				9AFF5E612966CA4D00580C83 /* ShiptIt-WidgetExtension.appex */,
				9AFF5E7D2966CBC600580C83 /* ShipIt-WidgetIntentHandler.appex */,
				9A3C437829682ADC002F8ECE /* ShipIt-iMessage.appex */,
			);
			name = Products;
			sourceTree = "<group>";
		};
		9AC0831C295AFB8500C0B1E0 /* ShipIt */ = {
			isa = PBXGroup;
			children = (
				D741E09C2964B7060060C84F /* Info.plist */,
				9AC0831D295AFB8500C0B1E0 /* ShipItApp.swift */,
				9A8FE4DE295ECD5D00C81E77 /* Interface */,
				9A8FE4DF295ECD7200C81E77 /* CoreData */,
				D74A6271295DE4CB004B6629 /* OrderManager.swift */,
				9A8FE4E0295ECD8500C81E77 /* DecodingManager.swift */,
				D71FB30E296AD8900002F6F2 /* NotificationsManager.swift */,
				D74A6273295DF229004B6629 /* Extensions.swift */,
				D7CB4C23295C9602002E2032 /* Declarations.swift */,
				D7CB4C28295C9D1D002E2032 /* DataController.swift */,
				9AC08321295AFB8600C0B1E0 /* Assets.xcassets */,
				9AC08323295AFB8600C0B1E0 /* ShipIt.entitlements */,
				9AC08324295AFB8600C0B1E0 /* Preview Content */,
			);
			path = ShipIt;
			sourceTree = "<group>";
		};
		9AC08324295AFB8600C0B1E0 /* Preview Content */ = {
			isa = PBXGroup;
			children = (
				9AC08325295AFB8600C0B1E0 /* Preview Assets.xcassets */,
			);
			path = "Preview Content";
			sourceTree = "<group>";
		};
		9AFF5E622966CA4D00580C83 /* Frameworks */ = {
			isa = PBXGroup;
			children = (
				9AFF5E632966CA4D00580C83 /* WidgetKit.framework */,
				9AFF5E652966CA4D00580C83 /* SwiftUI.framework */,
				9AFF5E7E2966CBC600580C83 /* Intents.framework */,
				9A3C437929682ADC002F8ECE /* Messages.framework */,
			);
			name = Frameworks;
			sourceTree = "<group>";
		};
		9AFF5E672966CA4D00580C83 /* ShiptIt-Widget */ = {
			isa = PBXGroup;
			children = (
				9AFF5E682966CA4D00580C83 /* ShiptIt_WidgetBundle.swift */,
				9AFF5E6A2966CA4D00580C83 /* ShiptIt_Widget.swift */,
				9AFF5E992966D18200580C83 /* WidgetOrderManager.swift */,
				9AFF5E6C2966CA4D00580C83 /* ShiptIt_Widget.intentdefinition */,
				9AFF5E6D2966CA4E00580C83 /* Assets.xcassets */,
				9AFF5E6F2966CA4E00580C83 /* Info.plist */,
			);
			path = "ShiptIt-Widget";
			sourceTree = "<group>";
		};
		9AFF5E802966CBC600580C83 /* ShipIt-WidgetIntentHandler */ = {
			isa = PBXGroup;
			children = (
				D7614BE02966F7FE0099DE60 /* ShipIt-WidgetIntentHandler.entitlements */,
				9AFF5E812966CBC600580C83 /* IntentHandler.swift */,
				9AFF5E832966CBC600580C83 /* Info.plist */,
			);
			path = "ShipIt-WidgetIntentHandler";
			sourceTree = "<group>";
		};
		D7614BDA2966E78B0099DE60 /* Share sheet */ = {
			isa = PBXGroup;
			children = (
				D7614BDB2966E79D0099DE60 /* SharePackageView.swift */,
				D7614BDD2966E7AE0099DE60 /* ShareTrackingProgressView.swift */,
			);
			path = "Share sheet";
			sourceTree = "<group>";
		};
/* End PBXGroup section */

/* Begin PBXNativeTarget section */
		9A3C437729682ADC002F8ECE /* ShipIt-iMessage */ = {
			isa = PBXNativeTarget;
			buildConfigurationList = 9A3C438929682ADE002F8ECE /* Build configuration list for PBXNativeTarget "ShipIt-iMessage" */;
			buildPhases = (
				9A3C437429682ADC002F8ECE /* Sources */,
				9A3C437529682ADC002F8ECE /* Frameworks */,
				9A3C437629682ADC002F8ECE /* Resources */,
			);
			buildRules = (
			);
			dependencies = (
			);
			name = "ShipIt-iMessage";
			packageProductDependencies = (
				9A3C438A29682BF0002F8ECE /* Alamofire */,
			);
			productName = "ShipIt-iMessage";
			productReference = 9A3C437829682ADC002F8ECE /* ShipIt-iMessage.appex */;
			productType = "com.apple.product-type.app-extension.messages";
		};
		9AC08319295AFB8500C0B1E0 /* ShipIt */ = {
			isa = PBXNativeTarget;
			buildConfigurationList = 9AC08329295AFB8600C0B1E0 /* Build configuration list for PBXNativeTarget "ShipIt" */;
			buildPhases = (
				9AC08316295AFB8500C0B1E0 /* Sources */,
				9AC08317295AFB8500C0B1E0 /* Frameworks */,
				9AC08318295AFB8500C0B1E0 /* Resources */,
				9AFF5E752966CA4E00580C83 /* Embed Foundation Extensions */,
			);
			buildRules = (
			);
			dependencies = (
				9AFF5E732966CA4E00580C83 /* PBXTargetDependency */,
				9AFF5E852966CBC600580C83 /* PBXTargetDependency */,
				9A3C438529682ADE002F8ECE /* PBXTargetDependency */,
			);
			name = ShipIt;
			packageProductDependencies = (
				9AA90197295C926800947CF2 /* Popovers */,
				9A8FE4DC295ECAC900C81E77 /* Alamofire */,
			);
			productName = ShipIt;
			productReference = 9AC0831A295AFB8500C0B1E0 /* ShipIt.app */;
			productType = "com.apple.product-type.application";
		};
		9AFF5E602966CA4D00580C83 /* ShiptIt-WidgetExtension */ = {
			isa = PBXNativeTarget;
			buildConfigurationList = 9AFF5E782966CA4E00580C83 /* Build configuration list for PBXNativeTarget "ShiptIt-WidgetExtension" */;
			buildPhases = (
				9AFF5E5D2966CA4D00580C83 /* Sources */,
				9AFF5E5E2966CA4D00580C83 /* Frameworks */,
				9AFF5E5F2966CA4D00580C83 /* Resources */,
			);
			buildRules = (
			);
			dependencies = (
			);
			name = "ShiptIt-WidgetExtension";
			packageProductDependencies = (
				9AFF5E9B2966D19F00580C83 /* Alamofire */,
			);
			productName = "ShiptIt-WidgetExtension";
			productReference = 9AFF5E612966CA4D00580C83 /* ShiptIt-WidgetExtension.appex */;
			productType = "com.apple.product-type.app-extension";
		};
		9AFF5E7C2966CBC600580C83 /* ShipIt-WidgetIntentHandler */ = {
			isa = PBXNativeTarget;
			buildConfigurationList = 9AFF5E872966CBC600580C83 /* Build configuration list for PBXNativeTarget "ShipIt-WidgetIntentHandler" */;
			buildPhases = (
				9AFF5E792966CBC600580C83 /* Sources */,
				9AFF5E7A2966CBC600580C83 /* Frameworks */,
				9AFF5E7B2966CBC600580C83 /* Resources */,
			);
			buildRules = (
			);
			dependencies = (
			);
			name = "ShipIt-WidgetIntentHandler";
			productName = "ShipIt-WidgetIntentHandler";
			productReference = 9AFF5E7D2966CBC600580C83 /* ShipIt-WidgetIntentHandler.appex */;
			productType = "com.apple.product-type.app-extension";
		};
/* End PBXNativeTarget section */

/* Begin PBXProject section */
		9AC08312295AFB8500C0B1E0 /* Project object */ = {
			isa = PBXProject;
			attributes = {
				BuildIndependentTargetsInParallel = 1;
				LastSwiftUpdateCheck = 1410;
				LastUpgradeCheck = 1410;
				TargetAttributes = {
					9A3C437729682ADC002F8ECE = {
						CreatedOnToolsVersion = 14.1;
					};
					9AC08319295AFB8500C0B1E0 = {
						CreatedOnToolsVersion = 14.1;
					};
					9AFF5E602966CA4D00580C83 = {
						CreatedOnToolsVersion = 14.1;
					};
					9AFF5E7C2966CBC600580C83 = {
						CreatedOnToolsVersion = 14.1;
					};
				};
			};
			buildConfigurationList = 9AC08315295AFB8500C0B1E0 /* Build configuration list for PBXProject "ShipIt" */;
			compatibilityVersion = "Xcode 14.0";
			developmentRegion = en;
			hasScannedForEncodings = 0;
			knownRegions = (
				en,
				Base,
			);
			mainGroup = 9AC08311295AFB8500C0B1E0;
			packageReferences = (
				9AA90196295C926800947CF2 /* XCRemoteSwiftPackageReference "Popovers" */,
				9A8FE4DB295ECAC900C81E77 /* XCRemoteSwiftPackageReference "Alamofire" */,
			);
			productRefGroup = 9AC0831B295AFB8500C0B1E0 /* Products */;
			projectDirPath = "";
			projectRoot = "";
			targets = (
				9AC08319295AFB8500C0B1E0 /* ShipIt */,
				9AFF5E602966CA4D00580C83 /* ShiptIt-WidgetExtension */,
				9AFF5E7C2966CBC600580C83 /* ShipIt-WidgetIntentHandler */,
				9A3C437729682ADC002F8ECE /* ShipIt-iMessage */,
			);
		};
/* End PBXProject section */

/* Begin PBXResourcesBuildPhase section */
		9A3C437629682ADC002F8ECE /* Resources */ = {
			isa = PBXResourcesBuildPhase;
			buildActionMask = 2147483647;
			files = (
				9A3C438229682ADE002F8ECE /* Assets.xcassets in Resources */,
				9A3C438029682ADD002F8ECE /* MainInterface.storyboard in Resources */,
			);
			runOnlyForDeploymentPostprocessing = 0;
		};
		9AC08318295AFB8500C0B1E0 /* Resources */ = {
			isa = PBXResourcesBuildPhase;
			buildActionMask = 2147483647;
			files = (
				9AC08326295AFB8600C0B1E0 /* Preview Assets.xcassets in Resources */,
				9AC08322295AFB8600C0B1E0 /* Assets.xcassets in Resources */,
			);
			runOnlyForDeploymentPostprocessing = 0;
		};
		9AFF5E5F2966CA4D00580C83 /* Resources */ = {
			isa = PBXResourcesBuildPhase;
			buildActionMask = 2147483647;
			files = (
				9AFF5E6E2966CA4E00580C83 /* Assets.xcassets in Resources */,
			);
			runOnlyForDeploymentPostprocessing = 0;
		};
		9AFF5E7B2966CBC600580C83 /* Resources */ = {
			isa = PBXResourcesBuildPhase;
			buildActionMask = 2147483647;
			files = (
			);
			runOnlyForDeploymentPostprocessing = 0;
		};
/* End PBXResourcesBuildPhase section */

/* Begin PBXSourcesBuildPhase section */
		9A3C437429682ADC002F8ECE /* Sources */ = {
			isa = PBXSourcesBuildPhase;
			buildActionMask = 2147483647;
			files = (
				9A3C439729684371002F8ECE /* ShareTrackingProgressView.swift in Sources */,
				9A3C439429682FDD002F8ECE /* SharePackageCell.swift in Sources */,
				9A3C43952968347A002F8ECE /* Extensions.swift in Sources */,
				9A3C439229682F83002F8ECE /* DataController.swift in Sources */,
				9A3C439629684368002F8ECE /* SharePackageView.swift in Sources */,
				9A3C438D29682F36002F8ECE /* Events+CoreDataClass.swift in Sources */,
				9A3C437D29682ADD002F8ECE /* MessagesViewController.swift in Sources */,
				9A3C438F29682F36002F8ECE /* Package+CoreDataClass.swift in Sources */,
				9A3C439029682F36002F8ECE /* Package+CoreDataProperties.swift in Sources */,
				9A3C438E29682F36002F8ECE /* Events+CoreDataProperties.swift in Sources */,
				9A3C439129682F39002F8ECE /* Model.xcdatamodeld in Sources */,
			);
			runOnlyForDeploymentPostprocessing = 0;
		};
		9AC08316295AFB8500C0B1E0 /* Sources */ = {
			isa = PBXSourcesBuildPhase;
			buildActionMask = 2147483647;
			files = (
				D7614BDE2966E7AE0099DE60 /* ShareTrackingProgressView.swift in Sources */,
				D7AF5CDB295B17A200F2364E /* HomeView.swift in Sources */,
				D74A627A295E22FB004B6629 /* Package+CoreDataProperties.swift in Sources */,
				D7614BDC2966E79D0099DE60 /* SharePackageView.swift in Sources */,
				D71FB30F296ADAB30002F6F2 /* NotificationsManager.swift in Sources */,
				D7CB4C24295C9602002E2032 /* Declarations.swift in Sources */,
				9A8A893E295C2CAC00291C9F /* AddPackageView.swift in Sources */,
				D7CB4C27295C9AB7002E2032 /* Model.xcdatamodeld in Sources */,
				D74A6272295DE4CB004B6629 /* OrderManager.swift in Sources */,
				D74A627B295E22FB004B6629 /* Events+CoreDataClass.swift in Sources */,
				9AFF5E712966CA4E00580C83 /* ShiptIt_Widget.intentdefinition in Sources */,
				D7D5CB23295B8A6D00FBDA44 /* PackageDetailView.swift in Sources */,
				D7C69D7D2980486C00D35BE9 /* LocationManager.swift in Sources */,
				9A8FE4E1295ECD8500C81E77 /* DecodingManager.swift in Sources */,
				D7FE384B295B243F0034BC25 /* SettingsView.swift in Sources */,
				D7AF5CD9295B038C00F2364E /* WelcomeView.swift in Sources */,
				D7CB4C29295C9D1D002E2032 /* DataController.swift in Sources */,
				D74A6274295DF229004B6629 /* Extensions.swift in Sources */,
				D74A6279295E22FB004B6629 /* Package+CoreDataClass.swift in Sources */,
				D76300072965705C00DAB7F3 /* TrackingProgressView.swift in Sources */,
				9AF3469529642E4900215696 /* AlertViewPopover.swift in Sources */,
				9AC0831E295AFB8500C0B1E0 /* ShipItApp.swift in Sources */,
				9AFF5E9E2966D27500580C83 /* WidgetOrderManager.swift in Sources */,
				D74A627C295E22FB004B6629 /* Events+CoreDataProperties.swift in Sources */,
			);
			runOnlyForDeploymentPostprocessing = 0;
		};
		9AFF5E5D2966CA4D00580C83 /* Sources */ = {
			isa = PBXSourcesBuildPhase;
			buildActionMask = 2147483647;
			files = (
				9AFF5EA12966D58100580C83 /* OrderManager.swift in Sources */,
				9AFF5E8F2966CC8B00580C83 /* Package+CoreDataProperties.swift in Sources */,
				9AFF5E702966CA4E00580C83 /* ShiptIt_Widget.intentdefinition in Sources */,
				9AFF5E692966CA4D00580C83 /* ShiptIt_WidgetBundle.swift in Sources */,
				9AFF5E9D2966D25200580C83 /* DecodingManager.swift in Sources */,
				9AFF5E6B2966CA4D00580C83 /* ShiptIt_Widget.swift in Sources */,
				9AFF5E8C2966CC8700580C83 /* Model.xcdatamodeld in Sources */,
				9AFF5EA22966D7BB00580C83 /* Extensions.swift in Sources */,
				D70B62BB298EDB36009415B8 /* Declarations.swift in Sources */,
				9AFF5E8D2966CC8900580C83 /* Events+CoreDataProperties.swift in Sources */,
				9AFF5E932966CC9000580C83 /* Package+CoreDataClass.swift in Sources */,
				9AFF5EA02966D51900580C83 /* WidgetOrderManager.swift in Sources */,
				D7614BE12966F88E0099DE60 /* DataController.swift in Sources */,
				9AFF5E912966CC8E00580C83 /* Events+CoreDataClass.swift in Sources */,
			);
			runOnlyForDeploymentPostprocessing = 0;
		};
		9AFF5E792966CBC600580C83 /* Sources */ = {
			isa = PBXSourcesBuildPhase;
			buildActionMask = 2147483647;
			files = (
				9AFF5E922966CC8E00580C83 /* Events+CoreDataClass.swift in Sources */,
				9AFF5EA32966D7BB00580C83 /* Extensions.swift in Sources */,
				9AFF5E8A2966CBEA00580C83 /* ShiptIt_Widget.intentdefinition in Sources */,
				9AFF5E942966CC9100580C83 /* Package+CoreDataClass.swift in Sources */,
				D7614BE22966F88F0099DE60 /* DataController.swift in Sources */,
				9AFF5E822966CBC600580C83 /* IntentHandler.swift in Sources */,
				9AFF5E8E2966CC8A00580C83 /* Events+CoreDataProperties.swift in Sources */,
				9AFF5E902966CC8C00580C83 /* Package+CoreDataProperties.swift in Sources */,
				9AFF5E8B2966CC8600580C83 /* Model.xcdatamodeld in Sources */,
			);
			runOnlyForDeploymentPostprocessing = 0;
		};
/* End PBXSourcesBuildPhase section */

/* Begin PBXTargetDependency section */
		9A3C438529682ADE002F8ECE /* PBXTargetDependency */ = {
			isa = PBXTargetDependency;
			target = 9A3C437729682ADC002F8ECE /* ShipIt-iMessage */;
			targetProxy = 9A3C438429682ADE002F8ECE /* PBXContainerItemProxy */;
		};
		9AFF5E732966CA4E00580C83 /* PBXTargetDependency */ = {
			isa = PBXTargetDependency;
			target = 9AFF5E602966CA4D00580C83 /* ShiptIt-WidgetExtension */;
			targetProxy = 9AFF5E722966CA4E00580C83 /* PBXContainerItemProxy */;
		};
		9AFF5E852966CBC600580C83 /* PBXTargetDependency */ = {
			isa = PBXTargetDependency;
			target = 9AFF5E7C2966CBC600580C83 /* ShipIt-WidgetIntentHandler */;
			targetProxy = 9AFF5E842966CBC600580C83 /* PBXContainerItemProxy */;
		};
/* End PBXTargetDependency section */

/* Begin PBXVariantGroup section */
		9A3C437E29682ADD002F8ECE /* MainInterface.storyboard */ = {
			isa = PBXVariantGroup;
			children = (
				9A3C437F29682ADD002F8ECE /* Base */,
			);
			name = MainInterface.storyboard;
			sourceTree = "<group>";
		};
/* End PBXVariantGroup section */

/* Begin XCBuildConfiguration section */
		9A3C438729682ADE002F8ECE /* Debug */ = {
			isa = XCBuildConfiguration;
			buildSettings = {
				ASSETCATALOG_COMPILER_APPICON_NAME = "iMessage App Icon";
				CODE_SIGN_ENTITLEMENTS = "ShipIt-iMessage/ShipIt-iMessage.entitlements";
				CODE_SIGN_STYLE = Automatic;
				CURRENT_PROJECT_VERSION = 1;
				DEVELOPMENT_TEAM = 55B9GSLMA2;
				GENERATE_INFOPLIST_FILE = YES;
				INFOPLIST_FILE = "ShipIt-iMessage/Info.plist";
				INFOPLIST_KEY_CFBundleDisplayName = ShipIt;
				INFOPLIST_KEY_NSHumanReadableCopyright = "";
				IPHONEOS_DEPLOYMENT_TARGET = 16.0;
				LD_RUNPATH_SEARCH_PATHS = (
					"$(inherited)",
					"@executable_path/Frameworks",
					"@executable_path/../../Frameworks",
				);
				MARKETING_VERSION = 1.0;
				PRODUCT_BUNDLE_IDENTIFIER = "com.cb.ShipIt.ShipIt-iMessage";
				PRODUCT_NAME = "$(TARGET_NAME)";
				SDKROOT = iphoneos;
				SKIP_INSTALL = YES;
				SWIFT_EMIT_LOC_STRINGS = YES;
				SWIFT_VERSION = 5.0;
				TARGETED_DEVICE_FAMILY = 1;
			};
			name = Debug;
		};
		9A3C438829682ADE002F8ECE /* Release */ = {
			isa = XCBuildConfiguration;
			buildSettings = {
				ASSETCATALOG_COMPILER_APPICON_NAME = "iMessage App Icon";
				CODE_SIGN_ENTITLEMENTS = "ShipIt-iMessage/ShipIt-iMessage.entitlements";
				CODE_SIGN_STYLE = Automatic;
				CURRENT_PROJECT_VERSION = 1;
				DEVELOPMENT_TEAM = 55B9GSLMA2;
				GENERATE_INFOPLIST_FILE = YES;
				INFOPLIST_FILE = "ShipIt-iMessage/Info.plist";
				INFOPLIST_KEY_CFBundleDisplayName = ShipIt;
				INFOPLIST_KEY_NSHumanReadableCopyright = "";
				IPHONEOS_DEPLOYMENT_TARGET = 16.0;
				LD_RUNPATH_SEARCH_PATHS = (
					"$(inherited)",
					"@executable_path/Frameworks",
					"@executable_path/../../Frameworks",
				);
				MARKETING_VERSION = 1.0;
				PRODUCT_BUNDLE_IDENTIFIER = "com.cb.ShipIt.ShipIt-iMessage";
				PRODUCT_NAME = "$(TARGET_NAME)";
				SDKROOT = iphoneos;
				SKIP_INSTALL = YES;
				SWIFT_EMIT_LOC_STRINGS = YES;
				SWIFT_VERSION = 5.0;
				TARGETED_DEVICE_FAMILY = 1;
				VALIDATE_PRODUCT = YES;
			};
			name = Release;
		};
		9AC08327295AFB8600C0B1E0 /* Debug */ = {
			isa = XCBuildConfiguration;
			buildSettings = {
				ALWAYS_SEARCH_USER_PATHS = NO;
				CLANG_ANALYZER_NONNULL = YES;
				CLANG_ANALYZER_NUMBER_OBJECT_CONVERSION = YES_AGGRESSIVE;
				CLANG_CXX_LANGUAGE_STANDARD = "gnu++20";
				CLANG_ENABLE_MODULES = YES;
				CLANG_ENABLE_OBJC_ARC = YES;
				CLANG_ENABLE_OBJC_WEAK = YES;
				CLANG_WARN_BLOCK_CAPTURE_AUTORELEASING = YES;
				CLANG_WARN_BOOL_CONVERSION = YES;
				CLANG_WARN_COMMA = YES;
				CLANG_WARN_CONSTANT_CONVERSION = YES;
				CLANG_WARN_DEPRECATED_OBJC_IMPLEMENTATIONS = YES;
				CLANG_WARN_DIRECT_OBJC_ISA_USAGE = YES_ERROR;
				CLANG_WARN_DOCUMENTATION_COMMENTS = YES;
				CLANG_WARN_EMPTY_BODY = YES;
				CLANG_WARN_ENUM_CONVERSION = YES;
				CLANG_WARN_INFINITE_RECURSION = YES;
				CLANG_WARN_INT_CONVERSION = YES;
				CLANG_WARN_NON_LITERAL_NULL_CONVERSION = YES;
				CLANG_WARN_OBJC_IMPLICIT_RETAIN_SELF = YES;
				CLANG_WARN_OBJC_LITERAL_CONVERSION = YES;
				CLANG_WARN_OBJC_ROOT_CLASS = YES_ERROR;
				CLANG_WARN_QUOTED_INCLUDE_IN_FRAMEWORK_HEADER = YES;
				CLANG_WARN_RANGE_LOOP_ANALYSIS = YES;
				CLANG_WARN_STRICT_PROTOTYPES = YES;
				CLANG_WARN_SUSPICIOUS_MOVE = YES;
				CLANG_WARN_UNGUARDED_AVAILABILITY = YES_AGGRESSIVE;
				CLANG_WARN_UNREACHABLE_CODE = YES;
				CLANG_WARN__DUPLICATE_METHOD_MATCH = YES;
				COPY_PHASE_STRIP = NO;
				DEBUG_INFORMATION_FORMAT = dwarf;
				ENABLE_STRICT_OBJC_MSGSEND = YES;
				ENABLE_TESTABILITY = YES;
				GCC_C_LANGUAGE_STANDARD = gnu11;
				GCC_DYNAMIC_NO_PIC = NO;
				GCC_NO_COMMON_BLOCKS = YES;
				GCC_OPTIMIZATION_LEVEL = 0;
				GCC_PREPROCESSOR_DEFINITIONS = (
					"DEBUG=1",
					"$(inherited)",
				);
				GCC_WARN_64_TO_32_BIT_CONVERSION = YES;
				GCC_WARN_ABOUT_RETURN_TYPE = YES_ERROR;
				GCC_WARN_UNDECLARED_SELECTOR = YES;
				GCC_WARN_UNINITIALIZED_AUTOS = YES_AGGRESSIVE;
				GCC_WARN_UNUSED_FUNCTION = YES;
				GCC_WARN_UNUSED_VARIABLE = YES;
				MTL_ENABLE_DEBUG_INFO = INCLUDE_SOURCE;
				MTL_FAST_MATH = YES;
				ONLY_ACTIVE_ARCH = YES;
				SWIFT_ACTIVE_COMPILATION_CONDITIONS = DEBUG;
				SWIFT_OPTIMIZATION_LEVEL = "-Onone";
			};
			name = Debug;
		};
		9AC08328295AFB8600C0B1E0 /* Release */ = {
			isa = XCBuildConfiguration;
			buildSettings = {
				ALWAYS_SEARCH_USER_PATHS = NO;
				CLANG_ANALYZER_NONNULL = YES;
				CLANG_ANALYZER_NUMBER_OBJECT_CONVERSION = YES_AGGRESSIVE;
				CLANG_CXX_LANGUAGE_STANDARD = "gnu++20";
				CLANG_ENABLE_MODULES = YES;
				CLANG_ENABLE_OBJC_ARC = YES;
				CLANG_ENABLE_OBJC_WEAK = YES;
				CLANG_WARN_BLOCK_CAPTURE_AUTORELEASING = YES;
				CLANG_WARN_BOOL_CONVERSION = YES;
				CLANG_WARN_COMMA = YES;
				CLANG_WARN_CONSTANT_CONVERSION = YES;
				CLANG_WARN_DEPRECATED_OBJC_IMPLEMENTATIONS = YES;
				CLANG_WARN_DIRECT_OBJC_ISA_USAGE = YES_ERROR;
				CLANG_WARN_DOCUMENTATION_COMMENTS = YES;
				CLANG_WARN_EMPTY_BODY = YES;
				CLANG_WARN_ENUM_CONVERSION = YES;
				CLANG_WARN_INFINITE_RECURSION = YES;
				CLANG_WARN_INT_CONVERSION = YES;
				CLANG_WARN_NON_LITERAL_NULL_CONVERSION = YES;
				CLANG_WARN_OBJC_IMPLICIT_RETAIN_SELF = YES;
				CLANG_WARN_OBJC_LITERAL_CONVERSION = YES;
				CLANG_WARN_OBJC_ROOT_CLASS = YES_ERROR;
				CLANG_WARN_QUOTED_INCLUDE_IN_FRAMEWORK_HEADER = YES;
				CLANG_WARN_RANGE_LOOP_ANALYSIS = YES;
				CLANG_WARN_STRICT_PROTOTYPES = YES;
				CLANG_WARN_SUSPICIOUS_MOVE = YES;
				CLANG_WARN_UNGUARDED_AVAILABILITY = YES_AGGRESSIVE;
				CLANG_WARN_UNREACHABLE_CODE = YES;
				CLANG_WARN__DUPLICATE_METHOD_MATCH = YES;
				COPY_PHASE_STRIP = NO;
				DEBUG_INFORMATION_FORMAT = "dwarf-with-dsym";
				ENABLE_NS_ASSERTIONS = NO;
				ENABLE_STRICT_OBJC_MSGSEND = YES;
				GCC_C_LANGUAGE_STANDARD = gnu11;
				GCC_NO_COMMON_BLOCKS = YES;
				GCC_WARN_64_TO_32_BIT_CONVERSION = YES;
				GCC_WARN_ABOUT_RETURN_TYPE = YES_ERROR;
				GCC_WARN_UNDECLARED_SELECTOR = YES;
				GCC_WARN_UNINITIALIZED_AUTOS = YES_AGGRESSIVE;
				GCC_WARN_UNUSED_FUNCTION = YES;
				GCC_WARN_UNUSED_VARIABLE = YES;
				MTL_ENABLE_DEBUG_INFO = NO;
				MTL_FAST_MATH = YES;
				SWIFT_COMPILATION_MODE = wholemodule;
				SWIFT_OPTIMIZATION_LEVEL = "-O";
			};
			name = Release;
		};
		9AC0832A295AFB8600C0B1E0 /* Debug */ = {
			isa = XCBuildConfiguration;
			buildSettings = {
				ALWAYS_EMBED_SWIFT_STANDARD_LIBRARIES = YES;
				ASSETCATALOG_COMPILER_APPICON_NAME = AppIcon;
				ASSETCATALOG_COMPILER_GLOBAL_ACCENT_COLOR_NAME = AccentColor;
				CODE_SIGN_ENTITLEMENTS = ShipIt/ShipIt.entitlements;
				CODE_SIGN_STYLE = Automatic;
				CURRENT_PROJECT_VERSION = 1;
				DEVELOPMENT_ASSET_PATHS = "\"ShipIt/Preview Content\"";
				DEVELOPMENT_TEAM = 55B9GSLMA2;
				ENABLE_PREVIEWS = YES;
				GENERATE_INFOPLIST_FILE = YES;
				INFOPLIST_FILE = ShipIt/Info.plist;
				INFOPLIST_KEY_CFBundleDisplayName = ShipIt;
				INFOPLIST_KEY_NSPhotoLibraryAddUsageDescription = "Save the shared packages";
				"INFOPLIST_KEY_UIApplicationSceneManifest_Generation[sdk=iphoneos*]" = YES;
				"INFOPLIST_KEY_UIApplicationSceneManifest_Generation[sdk=iphonesimulator*]" = YES;
				"INFOPLIST_KEY_UIApplicationSupportsIndirectInputEvents[sdk=iphoneos*]" = YES;
				"INFOPLIST_KEY_UIApplicationSupportsIndirectInputEvents[sdk=iphonesimulator*]" = YES;
				"INFOPLIST_KEY_UILaunchScreen_Generation[sdk=iphoneos*]" = YES;
				"INFOPLIST_KEY_UILaunchScreen_Generation[sdk=iphonesimulator*]" = YES;
				"INFOPLIST_KEY_UIStatusBarStyle[sdk=iphoneos*]" = UIStatusBarStyleDefault;
				"INFOPLIST_KEY_UIStatusBarStyle[sdk=iphonesimulator*]" = UIStatusBarStyleDefault;
				INFOPLIST_KEY_UISupportedInterfaceOrientations = UIInterfaceOrientationPortrait;
				INFOPLIST_KEY_UISupportedInterfaceOrientations_iPad = "UIInterfaceOrientationLandscapeLeft UIInterfaceOrientationLandscapeRight UIInterfaceOrientationPortrait UIInterfaceOrientationPortraitUpsideDown";
				IPHONEOS_DEPLOYMENT_TARGET = 16.0;
				LD_RUNPATH_SEARCH_PATHS = "@executable_path/Frameworks";
				"LD_RUNPATH_SEARCH_PATHS[sdk=macosx*]" = "@executable_path/../Frameworks";
				MACOSX_DEPLOYMENT_TARGET = 13.0;
				MARKETING_VERSION = 1.0;
				PRODUCT_BUNDLE_IDENTIFIER = com.cb.ShipIt;
				PRODUCT_NAME = "$(TARGET_NAME)";
				SDKROOT = auto;
				SUPPORTED_PLATFORMS = "iphoneos iphonesimulator";
				SUPPORTS_MACCATALYST = NO;
				SUPPORTS_MAC_DESIGNED_FOR_IPHONE_IPAD = NO;
				SWIFT_EMIT_LOC_STRINGS = YES;
				SWIFT_VERSION = 5.0;
				TARGETED_DEVICE_FAMILY = 1;
			};
			name = Debug;
		};
		9AC0832B295AFB8600C0B1E0 /* Release */ = {
			isa = XCBuildConfiguration;
			buildSettings = {
				ALWAYS_EMBED_SWIFT_STANDARD_LIBRARIES = YES;
				ASSETCATALOG_COMPILER_APPICON_NAME = AppIcon;
				ASSETCATALOG_COMPILER_GLOBAL_ACCENT_COLOR_NAME = AccentColor;
				CODE_SIGN_ENTITLEMENTS = ShipIt/ShipIt.entitlements;
				CODE_SIGN_STYLE = Automatic;
				CURRENT_PROJECT_VERSION = 1;
				DEVELOPMENT_ASSET_PATHS = "\"ShipIt/Preview Content\"";
				DEVELOPMENT_TEAM = 55B9GSLMA2;
				ENABLE_PREVIEWS = YES;
				GENERATE_INFOPLIST_FILE = YES;
				INFOPLIST_FILE = ShipIt/Info.plist;
				INFOPLIST_KEY_CFBundleDisplayName = ShipIt;
				INFOPLIST_KEY_NSPhotoLibraryAddUsageDescription = "Save the shared packages";
				"INFOPLIST_KEY_UIApplicationSceneManifest_Generation[sdk=iphoneos*]" = YES;
				"INFOPLIST_KEY_UIApplicationSceneManifest_Generation[sdk=iphonesimulator*]" = YES;
				"INFOPLIST_KEY_UIApplicationSupportsIndirectInputEvents[sdk=iphoneos*]" = YES;
				"INFOPLIST_KEY_UIApplicationSupportsIndirectInputEvents[sdk=iphonesimulator*]" = YES;
				"INFOPLIST_KEY_UILaunchScreen_Generation[sdk=iphoneos*]" = YES;
				"INFOPLIST_KEY_UILaunchScreen_Generation[sdk=iphonesimulator*]" = YES;
				"INFOPLIST_KEY_UIStatusBarStyle[sdk=iphoneos*]" = UIStatusBarStyleDefault;
				"INFOPLIST_KEY_UIStatusBarStyle[sdk=iphonesimulator*]" = UIStatusBarStyleDefault;
				INFOPLIST_KEY_UISupportedInterfaceOrientations = UIInterfaceOrientationPortrait;
				INFOPLIST_KEY_UISupportedInterfaceOrientations_iPad = "UIInterfaceOrientationLandscapeLeft UIInterfaceOrientationLandscapeRight UIInterfaceOrientationPortrait UIInterfaceOrientationPortraitUpsideDown";
				IPHONEOS_DEPLOYMENT_TARGET = 16.0;
				LD_RUNPATH_SEARCH_PATHS = "@executable_path/Frameworks";
				"LD_RUNPATH_SEARCH_PATHS[sdk=macosx*]" = "@executable_path/../Frameworks";
				MACOSX_DEPLOYMENT_TARGET = 13.0;
				MARKETING_VERSION = 1.0;
				PRODUCT_BUNDLE_IDENTIFIER = com.cb.ShipIt;
				PRODUCT_NAME = "$(TARGET_NAME)";
				SDKROOT = auto;
				SUPPORTED_PLATFORMS = "iphoneos iphonesimulator";
				SUPPORTS_MACCATALYST = NO;
				SUPPORTS_MAC_DESIGNED_FOR_IPHONE_IPAD = NO;
				SWIFT_EMIT_LOC_STRINGS = YES;
				SWIFT_VERSION = 5.0;
				TARGETED_DEVICE_FAMILY = 1;
			};
			name = Release;
		};
		9AFF5E762966CA4E00580C83 /* Debug */ = {
			isa = XCBuildConfiguration;
			buildSettings = {
				ASSETCATALOG_COMPILER_GLOBAL_ACCENT_COLOR_NAME = AccentColor;
				ASSETCATALOG_COMPILER_WIDGET_BACKGROUND_COLOR_NAME = WidgetBackground;
				CODE_SIGN_ENTITLEMENTS = "ShiptIt-WidgetExtension.entitlements";
				CODE_SIGN_STYLE = Automatic;
				CURRENT_PROJECT_VERSION = 1;
				DEVELOPMENT_TEAM = 55B9GSLMA2;
				GENERATE_INFOPLIST_FILE = YES;
				INFOPLIST_FILE = "ShiptIt-Widget/Info.plist";
				INFOPLIST_KEY_CFBundleDisplayName = ShiptIt;
				INFOPLIST_KEY_NSHumanReadableCopyright = "";
				IPHONEOS_DEPLOYMENT_TARGET = 16.0;
				LD_RUNPATH_SEARCH_PATHS = (
					"$(inherited)",
					"@executable_path/Frameworks",
					"@executable_path/../../Frameworks",
				);
				MARKETING_VERSION = 1.0;
				PRODUCT_BUNDLE_IDENTIFIER = "com.cb.ShipIt.ShiptIt-Widget";
				PRODUCT_NAME = "$(TARGET_NAME)";
				SDKROOT = iphoneos;
				SKIP_INSTALL = YES;
				SWIFT_EMIT_LOC_STRINGS = YES;
				SWIFT_VERSION = 5.0;
				TARGETED_DEVICE_FAMILY = 1;
			};
			name = Debug;
		};
		9AFF5E772966CA4E00580C83 /* Release */ = {
			isa = XCBuildConfiguration;
			buildSettings = {
				ASSETCATALOG_COMPILER_GLOBAL_ACCENT_COLOR_NAME = AccentColor;
				ASSETCATALOG_COMPILER_WIDGET_BACKGROUND_COLOR_NAME = WidgetBackground;
				CODE_SIGN_ENTITLEMENTS = "ShiptIt-WidgetExtension.entitlements";
				CODE_SIGN_STYLE = Automatic;
				CURRENT_PROJECT_VERSION = 1;
				DEVELOPMENT_TEAM = 55B9GSLMA2;
				GENERATE_INFOPLIST_FILE = YES;
				INFOPLIST_FILE = "ShiptIt-Widget/Info.plist";
				INFOPLIST_KEY_CFBundleDisplayName = ShiptIt;
				INFOPLIST_KEY_NSHumanReadableCopyright = "";
				IPHONEOS_DEPLOYMENT_TARGET = 16.0;
				LD_RUNPATH_SEARCH_PATHS = (
					"$(inherited)",
					"@executable_path/Frameworks",
					"@executable_path/../../Frameworks",
				);
				MARKETING_VERSION = 1.0;
				PRODUCT_BUNDLE_IDENTIFIER = "com.cb.ShipIt.ShiptIt-Widget";
				PRODUCT_NAME = "$(TARGET_NAME)";
				SDKROOT = iphoneos;
				SKIP_INSTALL = YES;
				SWIFT_EMIT_LOC_STRINGS = YES;
				SWIFT_VERSION = 5.0;
				TARGETED_DEVICE_FAMILY = 1;
				VALIDATE_PRODUCT = YES;
			};
			name = Release;
		};
		9AFF5E882966CBC600580C83 /* Debug */ = {
			isa = XCBuildConfiguration;
			buildSettings = {
				CODE_SIGN_ENTITLEMENTS = "ShipIt-WidgetIntentHandler/ShipIt-WidgetIntentHandler.entitlements";
				CODE_SIGN_STYLE = Automatic;
				CURRENT_PROJECT_VERSION = 1;
				DEVELOPMENT_TEAM = 55B9GSLMA2;
				GENERATE_INFOPLIST_FILE = YES;
				INFOPLIST_FILE = "ShipIt-WidgetIntentHandler/Info.plist";
				INFOPLIST_KEY_CFBundleDisplayName = "ShipIt-WidgetIntentHandler";
				INFOPLIST_KEY_NSHumanReadableCopyright = "";
				IPHONEOS_DEPLOYMENT_TARGET = 16.0;
				LD_RUNPATH_SEARCH_PATHS = (
					"$(inherited)",
					"@executable_path/Frameworks",
					"@executable_path/../../Frameworks",
				);
				MARKETING_VERSION = 1.0;
				PRODUCT_BUNDLE_IDENTIFIER = "com.cb.ShipIt.ShipIt-WidgetIntentHandler";
				PRODUCT_NAME = "$(TARGET_NAME)";
				SDKROOT = iphoneos;
				SKIP_INSTALL = YES;
				SWIFT_EMIT_LOC_STRINGS = YES;
				SWIFT_VERSION = 5.0;
				TARGETED_DEVICE_FAMILY = 1;
			};
			name = Debug;
		};
		9AFF5E892966CBC600580C83 /* Release */ = {
			isa = XCBuildConfiguration;
			buildSettings = {
				CODE_SIGN_ENTITLEMENTS = "ShipIt-WidgetIntentHandler/ShipIt-WidgetIntentHandler.entitlements";
				CODE_SIGN_STYLE = Automatic;
				CURRENT_PROJECT_VERSION = 1;
				DEVELOPMENT_TEAM = 55B9GSLMA2;
				GENERATE_INFOPLIST_FILE = YES;
				INFOPLIST_FILE = "ShipIt-WidgetIntentHandler/Info.plist";
				INFOPLIST_KEY_CFBundleDisplayName = "ShipIt-WidgetIntentHandler";
				INFOPLIST_KEY_NSHumanReadableCopyright = "";
				IPHONEOS_DEPLOYMENT_TARGET = 16.0;
				LD_RUNPATH_SEARCH_PATHS = (
					"$(inherited)",
					"@executable_path/Frameworks",
					"@executable_path/../../Frameworks",
				);
				MARKETING_VERSION = 1.0;
				PRODUCT_BUNDLE_IDENTIFIER = "com.cb.ShipIt.ShipIt-WidgetIntentHandler";
				PRODUCT_NAME = "$(TARGET_NAME)";
				SDKROOT = iphoneos;
				SKIP_INSTALL = YES;
				SWIFT_EMIT_LOC_STRINGS = YES;
				SWIFT_VERSION = 5.0;
				TARGETED_DEVICE_FAMILY = 1;
				VALIDATE_PRODUCT = YES;
			};
			name = Release;
		};
/* End XCBuildConfiguration section */

/* Begin XCConfigurationList section */
		9A3C438929682ADE002F8ECE /* Build configuration list for PBXNativeTarget "ShipIt-iMessage" */ = {
			isa = XCConfigurationList;
			buildConfigurations = (
				9A3C438729682ADE002F8ECE /* Debug */,
				9A3C438829682ADE002F8ECE /* Release */,
			);
			defaultConfigurationIsVisible = 0;
			defaultConfigurationName = Release;
		};
		9AC08315295AFB8500C0B1E0 /* Build configuration list for PBXProject "ShipIt" */ = {
			isa = XCConfigurationList;
			buildConfigurations = (
				9AC08327295AFB8600C0B1E0 /* Debug */,
				9AC08328295AFB8600C0B1E0 /* Release */,
			);
			defaultConfigurationIsVisible = 0;
			defaultConfigurationName = Release;
		};
		9AC08329295AFB8600C0B1E0 /* Build configuration list for PBXNativeTarget "ShipIt" */ = {
			isa = XCConfigurationList;
			buildConfigurations = (
				9AC0832A295AFB8600C0B1E0 /* Debug */,
				9AC0832B295AFB8600C0B1E0 /* Release */,
			);
			defaultConfigurationIsVisible = 0;
			defaultConfigurationName = Release;
		};
		9AFF5E782966CA4E00580C83 /* Build configuration list for PBXNativeTarget "ShiptIt-WidgetExtension" */ = {
			isa = XCConfigurationList;
			buildConfigurations = (
				9AFF5E762966CA4E00580C83 /* Debug */,
				9AFF5E772966CA4E00580C83 /* Release */,
			);
			defaultConfigurationIsVisible = 0;
			defaultConfigurationName = Release;
		};
		9AFF5E872966CBC600580C83 /* Build configuration list for PBXNativeTarget "ShipIt-WidgetIntentHandler" */ = {
			isa = XCConfigurationList;
			buildConfigurations = (
				9AFF5E882966CBC600580C83 /* Debug */,
				9AFF5E892966CBC600580C83 /* Release */,
			);
			defaultConfigurationIsVisible = 0;
			defaultConfigurationName = Release;
		};
/* End XCConfigurationList section */

/* Begin XCRemoteSwiftPackageReference section */
		9A8FE4DB295ECAC900C81E77 /* XCRemoteSwiftPackageReference "Alamofire" */ = {
			isa = XCRemoteSwiftPackageReference;
			repositoryURL = "https://github.com/Alamofire/Alamofire";
			requirement = {
				kind = upToNextMajorVersion;
				minimumVersion = 5.0.0;
			};
		};
		9AA90196295C926800947CF2 /* XCRemoteSwiftPackageReference "Popovers" */ = {
			isa = XCRemoteSwiftPackageReference;
			repositoryURL = "https://github.com/aheze/Popovers";
			requirement = {
				kind = upToNextMajorVersion;
				minimumVersion = 1.0.0;
			};
		};
/* End XCRemoteSwiftPackageReference section */

/* Begin XCSwiftPackageProductDependency section */
		9A3C438A29682BF0002F8ECE /* Alamofire */ = {
			isa = XCSwiftPackageProductDependency;
			package = 9A8FE4DB295ECAC900C81E77 /* XCRemoteSwiftPackageReference "Alamofire" */;
			productName = Alamofire;
		};
		9A8FE4DC295ECAC900C81E77 /* Alamofire */ = {
			isa = XCSwiftPackageProductDependency;
			package = 9A8FE4DB295ECAC900C81E77 /* XCRemoteSwiftPackageReference "Alamofire" */;
			productName = Alamofire;
		};
		9AA90197295C926800947CF2 /* Popovers */ = {
			isa = XCSwiftPackageProductDependency;
			package = 9AA90196295C926800947CF2 /* XCRemoteSwiftPackageReference "Popovers" */;
			productName = Popovers;
		};
		9AFF5E9B2966D19F00580C83 /* Alamofire */ = {
			isa = XCSwiftPackageProductDependency;
			package = 9A8FE4DB295ECAC900C81E77 /* XCRemoteSwiftPackageReference "Alamofire" */;
			productName = Alamofire;
		};
/* End XCSwiftPackageProductDependency section */

/* Begin XCVersionGroup section */
		D7CB4C25295C9AB6002E2032 /* Model.xcdatamodeld */ = {
			isa = XCVersionGroup;
			children = (
				D7CB4C26295C9AB7002E2032 /* Model.xcdatamodel */,
			);
			currentVersion = D7CB4C26295C9AB7002E2032 /* Model.xcdatamodel */;
			path = Model.xcdatamodeld;
			sourceTree = "<group>";
			versionGroupType = wrapper.xcdatamodel;
		};
/* End XCVersionGroup section */
	};
	rootObject = 9AC08312295AFB8500C0B1E0 /* Project object */;
}
