// !$*UTF8*$!
{
	archiveVersion = 1;
	classes = {
	};
	objectVersion = 56;
	objects = {

/* Begin PBXBuildFile section */
		9A8A893E295C2CAC00291C9F /* AddPackageView.swift in Sources */ = {isa = PBXBuildFile; fileRef = 9A8A893D295C2CAC00291C9F /* AddPackageView.swift */; };
		9A8FE4DD295ECAC900C81E77 /* Alamofire in Frameworks */ = {isa = PBXBuildFile; productRef = 9A8FE4DC295ECAC900C81E77 /* Alamofire */; };
		9A8FE4E1295ECD8500C81E77 /* DecodingManager.swift in Sources */ = {isa = PBXBuildFile; fileRef = 9A8FE4E0295ECD8500C81E77 /* DecodingManager.swift */; };
		9AA90198295C926800947CF2 /* Popovers in Frameworks */ = {isa = PBXBuildFile; productRef = 9AA90197295C926800947CF2 /* Popovers */; };
		9AC0831E295AFB8500C0B1E0 /* ShipItApp.swift in Sources */ = {isa = PBXBuildFile; fileRef = 9AC0831D295AFB8500C0B1E0 /* ShipItApp.swift */; };
		9AC08322295AFB8600C0B1E0 /* Assets.xcassets in Resources */ = {isa = PBXBuildFile; fileRef = 9AC08321295AFB8600C0B1E0 /* Assets.xcassets */; };
		9AC08326295AFB8600C0B1E0 /* Preview Assets.xcassets in Resources */ = {isa = PBXBuildFile; fileRef = 9AC08325295AFB8600C0B1E0 /* Preview Assets.xcassets */; };
		9AF3469529642E4900215696 /* AlertViewPopover.swift in Sources */ = {isa = PBXBuildFile; fileRef = 9AF3469429642E4900215696 /* AlertViewPopover.swift */; };
		D74A6272295DE4CB004B6629 /* OrderManager.swift in Sources */ = {isa = PBXBuildFile; fileRef = D74A6271295DE4CB004B6629 /* OrderManager.swift */; };
		D74A6274295DF229004B6629 /* Extensions.swift in Sources */ = {isa = PBXBuildFile; fileRef = D74A6273295DF229004B6629 /* Extensions.swift */; };
		D74A6279295E22FB004B6629 /* Package+CoreDataClass.swift in Sources */ = {isa = PBXBuildFile; fileRef = D74A6275295E22FB004B6629 /* Package+CoreDataClass.swift */; };
		D74A627A295E22FB004B6629 /* Package+CoreDataProperties.swift in Sources */ = {isa = PBXBuildFile; fileRef = D74A6276295E22FB004B6629 /* Package+CoreDataProperties.swift */; };
		D74A627B295E22FB004B6629 /* Events+CoreDataClass.swift in Sources */ = {isa = PBXBuildFile; fileRef = D74A6277295E22FB004B6629 /* Events+CoreDataClass.swift */; };
		D74A627C295E22FB004B6629 /* Events+CoreDataProperties.swift in Sources */ = {isa = PBXBuildFile; fileRef = D74A6278295E22FB004B6629 /* Events+CoreDataProperties.swift */; };
		D7AF5CD9295B038C00F2364E /* WelcomeView.swift in Sources */ = {isa = PBXBuildFile; fileRef = D7AF5CD8295B038C00F2364E /* WelcomeView.swift */; };
		D7AF5CDB295B17A200F2364E /* HomeView.swift in Sources */ = {isa = PBXBuildFile; fileRef = D7AF5CDA295B17A200F2364E /* HomeView.swift */; };
		D7CB4C24295C9602002E2032 /* Declarations.swift in Sources */ = {isa = PBXBuildFile; fileRef = D7CB4C23295C9602002E2032 /* Declarations.swift */; };
		D7CB4C27295C9AB7002E2032 /* Model.xcdatamodeld in Sources */ = {isa = PBXBuildFile; fileRef = D7CB4C25295C9AB6002E2032 /* Model.xcdatamodeld */; };
		D7CB4C29295C9D1D002E2032 /* DataController.swift in Sources */ = {isa = PBXBuildFile; fileRef = D7CB4C28295C9D1D002E2032 /* DataController.swift */; };
		D7D5CB23295B8A6D00FBDA44 /* PackageDetailView.swift in Sources */ = {isa = PBXBuildFile; fileRef = D7D5CB22295B8A6D00FBDA44 /* PackageDetailView.swift */; };
		D7FE384B295B243F0034BC25 /* SettingsView.swift in Sources */ = {isa = PBXBuildFile; fileRef = D7FE384A295B243F0034BC25 /* SettingsView.swift */; };
/* End PBXBuildFile section */

/* Begin PBXFileReference section */
		9A8A893D295C2CAC00291C9F /* AddPackageView.swift */ = {isa = PBXFileReference; lastKnownFileType = sourcecode.swift; path = AddPackageView.swift; sourceTree = "<group>"; };
		9A8FE4E0295ECD8500C81E77 /* DecodingManager.swift */ = {isa = PBXFileReference; lastKnownFileType = sourcecode.swift; path = DecodingManager.swift; sourceTree = "<group>"; };
		9AC0831A295AFB8500C0B1E0 /* ShipIt.app */ = {isa = PBXFileReference; explicitFileType = wrapper.application; includeInIndex = 0; path = ShipIt.app; sourceTree = BUILT_PRODUCTS_DIR; };
		9AC0831D295AFB8500C0B1E0 /* ShipItApp.swift */ = {isa = PBXFileReference; lastKnownFileType = sourcecode.swift; path = ShipItApp.swift; sourceTree = "<group>"; };
		9AC08321295AFB8600C0B1E0 /* Assets.xcassets */ = {isa = PBXFileReference; lastKnownFileType = folder.assetcatalog; path = Assets.xcassets; sourceTree = "<group>"; };
		9AC08323295AFB8600C0B1E0 /* ShipIt.entitlements */ = {isa = PBXFileReference; lastKnownFileType = text.plist.entitlements; path = ShipIt.entitlements; sourceTree = "<group>"; };
		9AC08325295AFB8600C0B1E0 /* Preview Assets.xcassets */ = {isa = PBXFileReference; lastKnownFileType = folder.assetcatalog; path = "Preview Assets.xcassets"; sourceTree = "<group>"; };
		9AF3469429642E4900215696 /* AlertViewPopover.swift */ = {isa = PBXFileReference; lastKnownFileType = sourcecode.swift; path = AlertViewPopover.swift; sourceTree = "<group>"; };
		D741E09C2964B7060060C84F /* Info.plist */ = {isa = PBXFileReference; lastKnownFileType = text.plist; path = Info.plist; sourceTree = "<group>"; };
		D74A6271295DE4CB004B6629 /* OrderManager.swift */ = {isa = PBXFileReference; lastKnownFileType = sourcecode.swift; path = OrderManager.swift; sourceTree = "<group>"; };
		D74A6273295DF229004B6629 /* Extensions.swift */ = {isa = PBXFileReference; lastKnownFileType = sourcecode.swift; path = Extensions.swift; sourceTree = "<group>"; };
		D74A6275295E22FB004B6629 /* Package+CoreDataClass.swift */ = {isa = PBXFileReference; lastKnownFileType = sourcecode.swift; path = "Package+CoreDataClass.swift"; sourceTree = "<group>"; };
		D74A6276295E22FB004B6629 /* Package+CoreDataProperties.swift */ = {isa = PBXFileReference; lastKnownFileType = sourcecode.swift; path = "Package+CoreDataProperties.swift"; sourceTree = "<group>"; };
		D74A6277295E22FB004B6629 /* Events+CoreDataClass.swift */ = {isa = PBXFileReference; lastKnownFileType = sourcecode.swift; path = "Events+CoreDataClass.swift"; sourceTree = "<group>"; };
		D74A6278295E22FB004B6629 /* Events+CoreDataProperties.swift */ = {isa = PBXFileReference; lastKnownFileType = sourcecode.swift; path = "Events+CoreDataProperties.swift"; sourceTree = "<group>"; };
		D7AF5CD8295B038C00F2364E /* WelcomeView.swift */ = {isa = PBXFileReference; lastKnownFileType = sourcecode.swift; path = WelcomeView.swift; sourceTree = "<group>"; };
		D7AF5CDA295B17A200F2364E /* HomeView.swift */ = {isa = PBXFileReference; lastKnownFileType = sourcecode.swift; path = HomeView.swift; sourceTree = "<group>"; };
		D7CB4C23295C9602002E2032 /* Declarations.swift */ = {isa = PBXFileReference; lastKnownFileType = sourcecode.swift; path = Declarations.swift; sourceTree = "<group>"; };
		D7CB4C26295C9AB7002E2032 /* Model.xcdatamodel */ = {isa = PBXFileReference; lastKnownFileType = wrapper.xcdatamodel; path = Model.xcdatamodel; sourceTree = "<group>"; };
		D7CB4C28295C9D1D002E2032 /* DataController.swift */ = {isa = PBXFileReference; lastKnownFileType = sourcecode.swift; path = DataController.swift; sourceTree = "<group>"; };
		D7D5CB22295B8A6D00FBDA44 /* PackageDetailView.swift */ = {isa = PBXFileReference; lastKnownFileType = sourcecode.swift; path = PackageDetailView.swift; sourceTree = "<group>"; };
		D7FE384A295B243F0034BC25 /* SettingsView.swift */ = {isa = PBXFileReference; lastKnownFileType = sourcecode.swift; path = SettingsView.swift; sourceTree = "<group>"; };
/* End PBXFileReference section */

/* Begin PBXFrameworksBuildPhase section */
		9AC08317295AFB8500C0B1E0 /* Frameworks */ = {
			isa = PBXFrameworksBuildPhase;
			buildActionMask = 2147483647;
			files = (
				9AA90198295C926800947CF2 /* Popovers in Frameworks */,
				9A8FE4DD295ECAC900C81E77 /* Alamofire in Frameworks */,
			);
			runOnlyForDeploymentPostprocessing = 0;
		};
/* End PBXFrameworksBuildPhase section */

/* Begin PBXGroup section */
		9A8FE4DE295ECD5D00C81E77 /* Interface */ = {
			isa = PBXGroup;
			children = (
				D7AF5CDA295B17A200F2364E /* HomeView.swift */,
				9A8A893D295C2CAC00291C9F /* AddPackageView.swift */,
				9AF3469429642E4900215696 /* AlertViewPopover.swift */,
				D7D5CB22295B8A6D00FBDA44 /* PackageDetailView.swift */,
				D7FE384A295B243F0034BC25 /* SettingsView.swift */,
				D7AF5CD8295B038C00F2364E /* WelcomeView.swift */,
			);
			path = Interface;
			sourceTree = "<group>";
		};
		9A8FE4DF295ECD7200C81E77 /* CoreData */ = {
			isa = PBXGroup;
			children = (
				D74A6275295E22FB004B6629 /* Package+CoreDataClass.swift */,
				D74A6276295E22FB004B6629 /* Package+CoreDataProperties.swift */,
				D74A6277295E22FB004B6629 /* Events+CoreDataClass.swift */,
				D74A6278295E22FB004B6629 /* Events+CoreDataProperties.swift */,
				D7CB4C25295C9AB6002E2032 /* Model.xcdatamodeld */,
			);
			path = CoreData;
			sourceTree = "<group>";
		};
		9AC08311295AFB8500C0B1E0 = {
			isa = PBXGroup;
			children = (
				9AC0831C295AFB8500C0B1E0 /* ShipIt */,
				9AC0831B295AFB8500C0B1E0 /* Products */,
			);
			sourceTree = "<group>";
		};
		9AC0831B295AFB8500C0B1E0 /* Products */ = {
			isa = PBXGroup;
			children = (
				9AC0831A295AFB8500C0B1E0 /* ShipIt.app */,
			);
			name = Products;
			sourceTree = "<group>";
		};
		9AC0831C295AFB8500C0B1E0 /* ShipIt */ = {
			isa = PBXGroup;
			children = (
				D741E09C2964B7060060C84F /* Info.plist */,
				9AC0831D295AFB8500C0B1E0 /* ShipItApp.swift */,
				9A8FE4DE295ECD5D00C81E77 /* Interface */,
				9A8FE4DF295ECD7200C81E77 /* CoreData */,
				D74A6271295DE4CB004B6629 /* OrderManager.swift */,
				9A8FE4E0295ECD8500C81E77 /* DecodingManager.swift */,
				D74A6273295DF229004B6629 /* Extensions.swift */,
				D7CB4C23295C9602002E2032 /* Declarations.swift */,
				D7CB4C28295C9D1D002E2032 /* DataController.swift */,
				9AC08321295AFB8600C0B1E0 /* Assets.xcassets */,
				9AC08323295AFB8600C0B1E0 /* ShipIt.entitlements */,
				9AC08324295AFB8600C0B1E0 /* Preview Content */,
			);
			path = ShipIt;
			sourceTree = "<group>";
		};
		9AC08324295AFB8600C0B1E0 /* Preview Content */ = {
			isa = PBXGroup;
			children = (
				9AC08325295AFB8600C0B1E0 /* Preview Assets.xcassets */,
			);
			path = "Preview Content";
			sourceTree = "<group>";
		};
/* End PBXGroup section */

/* Begin PBXNativeTarget section */
		9AC08319295AFB8500C0B1E0 /* ShipIt */ = {
			isa = PBXNativeTarget;
			buildConfigurationList = 9AC08329295AFB8600C0B1E0 /* Build configuration list for PBXNativeTarget "ShipIt" */;
			buildPhases = (
				9AC08316295AFB8500C0B1E0 /* Sources */,
				9AC08317295AFB8500C0B1E0 /* Frameworks */,
				9AC08318295AFB8500C0B1E0 /* Resources */,
			);
			buildRules = (
			);
			dependencies = (
			);
			name = ShipIt;
			packageProductDependencies = (
				9AA90197295C926800947CF2 /* Popovers */,
				9A8FE4DC295ECAC900C81E77 /* Alamofire */,
			);
			productName = ShipIt;
			productReference = 9AC0831A295AFB8500C0B1E0 /* ShipIt.app */;
			productType = "com.apple.product-type.application";
		};
/* End PBXNativeTarget section */

/* Begin PBXProject section */
		9AC08312295AFB8500C0B1E0 /* Project object */ = {
			isa = PBXProject;
			attributes = {
				BuildIndependentTargetsInParallel = 1;
				LastSwiftUpdateCheck = 1410;
				LastUpgradeCheck = 1410;
				TargetAttributes = {
					9AC08319295AFB8500C0B1E0 = {
						CreatedOnToolsVersion = 14.1;
					};
				};
			};
			buildConfigurationList = 9AC08315295AFB8500C0B1E0 /* Build configuration list for PBXProject "ShipIt" */;
			compatibilityVersion = "Xcode 14.0";
			developmentRegion = en;
			hasScannedForEncodings = 0;
			knownRegions = (
				en,
				Base,
			);
			mainGroup = 9AC08311295AFB8500C0B1E0;
			packageReferences = (
				9AA90196295C926800947CF2 /* XCRemoteSwiftPackageReference "Popovers" */,
				9A8FE4DB295ECAC900C81E77 /* XCRemoteSwiftPackageReference "Alamofire" */,
			);
			productRefGroup = 9AC0831B295AFB8500C0B1E0 /* Products */;
			projectDirPath = "";
			projectRoot = "";
			targets = (
				9AC08319295AFB8500C0B1E0 /* ShipIt */,
			);
		};
/* End PBXProject section */

/* Begin PBXResourcesBuildPhase section */
		9AC08318295AFB8500C0B1E0 /* Resources */ = {
			isa = PBXResourcesBuildPhase;
			buildActionMask = 2147483647;
			files = (
				9AC08326295AFB8600C0B1E0 /* Preview Assets.xcassets in Resources */,
				9AC08322295AFB8600C0B1E0 /* Assets.xcassets in Resources */,
			);
			runOnlyForDeploymentPostprocessing = 0;
		};
/* End PBXResourcesBuildPhase section */

/* Begin PBXSourcesBuildPhase section */
		9AC08316295AFB8500C0B1E0 /* Sources */ = {
			isa = PBXSourcesBuildPhase;
			buildActionMask = 2147483647;
			files = (
				D7AF5CDB295B17A200F2364E /* HomeView.swift in Sources */,
				D74A627A295E22FB004B6629 /* Package+CoreDataProperties.swift in Sources */,
				D7CB4C24295C9602002E2032 /* Declarations.swift in Sources */,
				9A8A893E295C2CAC00291C9F /* AddPackageView.swift in Sources */,
				D7CB4C27295C9AB7002E2032 /* Model.xcdatamodeld in Sources */,
				D74A6272295DE4CB004B6629 /* OrderManager.swift in Sources */,
				D74A627B295E22FB004B6629 /* Events+CoreDataClass.swift in Sources */,
				D7D5CB23295B8A6D00FBDA44 /* PackageDetailView.swift in Sources */,
				9A8FE4E1295ECD8500C81E77 /* DecodingManager.swift in Sources */,
				D7FE384B295B243F0034BC25 /* SettingsView.swift in Sources */,
				D7AF5CD9295B038C00F2364E /* WelcomeView.swift in Sources */,
				D7CB4C29295C9D1D002E2032 /* DataController.swift in Sources */,
				D74A6274295DF229004B6629 /* Extensions.swift in Sources */,
				D74A6279295E22FB004B6629 /* Package+CoreDataClass.swift in Sources */,
				9AF3469529642E4900215696 /* AlertViewPopover.swift in Sources */,
				9AC0831E295AFB8500C0B1E0 /* ShipItApp.swift in Sources */,
				D74A627C295E22FB004B6629 /* Events+CoreDataProperties.swift in Sources */,
			);
			runOnlyForDeploymentPostprocessing = 0;
		};
/* End PBXSourcesBuildPhase section */

/* Begin XCBuildConfiguration section */
		9AC08327295AFB8600C0B1E0 /* Debug */ = {
			isa = XCBuildConfiguration;
			buildSettings = {
				ALWAYS_SEARCH_USER_PATHS = NO;
				CLANG_ANALYZER_NONNULL = YES;
				CLANG_ANALYZER_NUMBER_OBJECT_CONVERSION = YES_AGGRESSIVE;
				CLANG_CXX_LANGUAGE_STANDARD = "gnu++20";
				CLANG_ENABLE_MODULES = YES;
				CLANG_ENABLE_OBJC_ARC = YES;
				CLANG_ENABLE_OBJC_WEAK = YES;
				CLANG_WARN_BLOCK_CAPTURE_AUTORELEASING = YES;
				CLANG_WARN_BOOL_CONVERSION = YES;
				CLANG_WARN_COMMA = YES;
				CLANG_WARN_CONSTANT_CONVERSION = YES;
				CLANG_WARN_DEPRECATED_OBJC_IMPLEMENTATIONS = YES;
				CLANG_WARN_DIRECT_OBJC_ISA_USAGE = YES_ERROR;
				CLANG_WARN_DOCUMENTATION_COMMENTS = YES;
				CLANG_WARN_EMPTY_BODY = YES;
				CLANG_WARN_ENUM_CONVERSION = YES;
				CLANG_WARN_INFINITE_RECURSION = YES;
				CLANG_WARN_INT_CONVERSION = YES;
				CLANG_WARN_NON_LITERAL_NULL_CONVERSION = YES;
				CLANG_WARN_OBJC_IMPLICIT_RETAIN_SELF = YES;
				CLANG_WARN_OBJC_LITERAL_CONVERSION = YES;
				CLANG_WARN_OBJC_ROOT_CLASS = YES_ERROR;
				CLANG_WARN_QUOTED_INCLUDE_IN_FRAMEWORK_HEADER = YES;
				CLANG_WARN_RANGE_LOOP_ANALYSIS = YES;
				CLANG_WARN_STRICT_PROTOTYPES = YES;
				CLANG_WARN_SUSPICIOUS_MOVE = YES;
				CLANG_WARN_UNGUARDED_AVAILABILITY = YES_AGGRESSIVE;
				CLANG_WARN_UNREACHABLE_CODE = YES;
				CLANG_WARN__DUPLICATE_METHOD_MATCH = YES;
				COPY_PHASE_STRIP = NO;
				DEBUG_INFORMATION_FORMAT = dwarf;
				ENABLE_STRICT_OBJC_MSGSEND = YES;
				ENABLE_TESTABILITY = YES;
				GCC_C_LANGUAGE_STANDARD = gnu11;
				GCC_DYNAMIC_NO_PIC = NO;
				GCC_NO_COMMON_BLOCKS = YES;
				GCC_OPTIMIZATION_LEVEL = 0;
				GCC_PREPROCESSOR_DEFINITIONS = (
					"DEBUG=1",
					"$(inherited)",
				);
				GCC_WARN_64_TO_32_BIT_CONVERSION = YES;
				GCC_WARN_ABOUT_RETURN_TYPE = YES_ERROR;
				GCC_WARN_UNDECLARED_SELECTOR = YES;
				GCC_WARN_UNINITIALIZED_AUTOS = YES_AGGRESSIVE;
				GCC_WARN_UNUSED_FUNCTION = YES;
				GCC_WARN_UNUSED_VARIABLE = YES;
				MTL_ENABLE_DEBUG_INFO = INCLUDE_SOURCE;
				MTL_FAST_MATH = YES;
				ONLY_ACTIVE_ARCH = YES;
				SWIFT_ACTIVE_COMPILATION_CONDITIONS = DEBUG;
				SWIFT_OPTIMIZATION_LEVEL = "-Onone";
			};
			name = Debug;
		};
		9AC08328295AFB8600C0B1E0 /* Release */ = {
			isa = XCBuildConfiguration;
			buildSettings = {
				ALWAYS_SEARCH_USER_PATHS = NO;
				CLANG_ANALYZER_NONNULL = YES;
				CLANG_ANALYZER_NUMBER_OBJECT_CONVERSION = YES_AGGRESSIVE;
				CLANG_CXX_LANGUAGE_STANDARD = "gnu++20";
				CLANG_ENABLE_MODULES = YES;
				CLANG_ENABLE_OBJC_ARC = YES;
				CLANG_ENABLE_OBJC_WEAK = YES;
				CLANG_WARN_BLOCK_CAPTURE_AUTORELEASING = YES;
				CLANG_WARN_BOOL_CONVERSION = YES;
				CLANG_WARN_COMMA = YES;
				CLANG_WARN_CONSTANT_CONVERSION = YES;
				CLANG_WARN_DEPRECATED_OBJC_IMPLEMENTATIONS = YES;
				CLANG_WARN_DIRECT_OBJC_ISA_USAGE = YES_ERROR;
				CLANG_WARN_DOCUMENTATION_COMMENTS = YES;
				CLANG_WARN_EMPTY_BODY = YES;
				CLANG_WARN_ENUM_CONVERSION = YES;
				CLANG_WARN_INFINITE_RECURSION = YES;
				CLANG_WARN_INT_CONVERSION = YES;
				CLANG_WARN_NON_LITERAL_NULL_CONVERSION = YES;
				CLANG_WARN_OBJC_IMPLICIT_RETAIN_SELF = YES;
				CLANG_WARN_OBJC_LITERAL_CONVERSION = YES;
				CLANG_WARN_OBJC_ROOT_CLASS = YES_ERROR;
				CLANG_WARN_QUOTED_INCLUDE_IN_FRAMEWORK_HEADER = YES;
				CLANG_WARN_RANGE_LOOP_ANALYSIS = YES;
				CLANG_WARN_STRICT_PROTOTYPES = YES;
				CLANG_WARN_SUSPICIOUS_MOVE = YES;
				CLANG_WARN_UNGUARDED_AVAILABILITY = YES_AGGRESSIVE;
				CLANG_WARN_UNREACHABLE_CODE = YES;
				CLANG_WARN__DUPLICATE_METHOD_MATCH = YES;
				COPY_PHASE_STRIP = NO;
				DEBUG_INFORMATION_FORMAT = "dwarf-with-dsym";
				ENABLE_NS_ASSERTIONS = NO;
				ENABLE_STRICT_OBJC_MSGSEND = YES;
				GCC_C_LANGUAGE_STANDARD = gnu11;
				GCC_NO_COMMON_BLOCKS = YES;
				GCC_WARN_64_TO_32_BIT_CONVERSION = YES;
				GCC_WARN_ABOUT_RETURN_TYPE = YES_ERROR;
				GCC_WARN_UNDECLARED_SELECTOR = YES;
				GCC_WARN_UNINITIALIZED_AUTOS = YES_AGGRESSIVE;
				GCC_WARN_UNUSED_FUNCTION = YES;
				GCC_WARN_UNUSED_VARIABLE = YES;
				MTL_ENABLE_DEBUG_INFO = NO;
				MTL_FAST_MATH = YES;
				SWIFT_COMPILATION_MODE = wholemodule;
				SWIFT_OPTIMIZATION_LEVEL = "-O";
			};
			name = Release;
		};
		9AC0832A295AFB8600C0B1E0 /* Debug */ = {
			isa = XCBuildConfiguration;
			buildSettings = {
				ASSETCATALOG_COMPILER_APPICON_NAME = AppIcon;
				ASSETCATALOG_COMPILER_GLOBAL_ACCENT_COLOR_NAME = AccentColor;
				CODE_SIGN_ENTITLEMENTS = ShipIt/ShipIt.entitlements;
				CODE_SIGN_STYLE = Automatic;
				CURRENT_PROJECT_VERSION = 1;
				DEVELOPMENT_ASSET_PATHS = "\"ShipIt/Preview Content\"";
				DEVELOPMENT_TEAM = 55B9GSLMA2;
				ENABLE_PREVIEWS = YES;
				GENERATE_INFOPLIST_FILE = YES;
				INFOPLIST_FILE = ShipIt/Info.plist;
				INFOPLIST_KEY_CFBundleDisplayName = ShipIt;
				"INFOPLIST_KEY_UIApplicationSceneManifest_Generation[sdk=iphoneos*]" = YES;
				"INFOPLIST_KEY_UIApplicationSceneManifest_Generation[sdk=iphonesimulator*]" = YES;
				"INFOPLIST_KEY_UIApplicationSupportsIndirectInputEvents[sdk=iphoneos*]" = YES;
				"INFOPLIST_KEY_UIApplicationSupportsIndirectInputEvents[sdk=iphonesimulator*]" = YES;
				"INFOPLIST_KEY_UILaunchScreen_Generation[sdk=iphoneos*]" = YES;
				"INFOPLIST_KEY_UILaunchScreen_Generation[sdk=iphonesimulator*]" = YES;
				"INFOPLIST_KEY_UIStatusBarStyle[sdk=iphoneos*]" = UIStatusBarStyleDefault;
				"INFOPLIST_KEY_UIStatusBarStyle[sdk=iphonesimulator*]" = UIStatusBarStyleDefault;
				INFOPLIST_KEY_UISupportedInterfaceOrientations_iPad = "UIInterfaceOrientationPortrait UIInterfaceOrientationPortraitUpsideDown UIInterfaceOrientationLandscapeLeft UIInterfaceOrientationLandscapeRight";
				INFOPLIST_KEY_UISupportedInterfaceOrientations_iPhone = "UIInterfaceOrientationPortrait UIInterfaceOrientationLandscapeLeft UIInterfaceOrientationLandscapeRight";
				IPHONEOS_DEPLOYMENT_TARGET = 16.1;
				LD_RUNPATH_SEARCH_PATHS = "@executable_path/Frameworks";
				"LD_RUNPATH_SEARCH_PATHS[sdk=macosx*]" = "@executable_path/../Frameworks";
				MACOSX_DEPLOYMENT_TARGET = 13.0;
				MARKETING_VERSION = 1.0;
				PRODUCT_BUNDLE_IDENTIFIER = com.cb.ShipIt;
				PRODUCT_NAME = "$(TARGET_NAME)";
				SDKROOT = auto;
				SUPPORTED_PLATFORMS = "iphoneos iphonesimulator macosx";
				SWIFT_EMIT_LOC_STRINGS = YES;
				SWIFT_VERSION = 5.0;
				TARGETED_DEVICE_FAMILY = "1,2";
			};
			name = Debug;
		};
		9AC0832B295AFB8600C0B1E0 /* Release */ = {
			isa = XCBuildConfiguration;
			buildSettings = {
				ASSETCATALOG_COMPILER_APPICON_NAME = AppIcon;
				ASSETCATALOG_COMPILER_GLOBAL_ACCENT_COLOR_NAME = AccentColor;
				CODE_SIGN_ENTITLEMENTS = ShipIt/ShipIt.entitlements;
				CODE_SIGN_STYLE = Automatic;
				CURRENT_PROJECT_VERSION = 1;
				DEVELOPMENT_ASSET_PATHS = "\"ShipIt/Preview Content\"";
				DEVELOPMENT_TEAM = 55B9GSLMA2;
				ENABLE_PREVIEWS = YES;
				GENERATE_INFOPLIST_FILE = YES;
				INFOPLIST_FILE = ShipIt/Info.plist;
				INFOPLIST_KEY_CFBundleDisplayName = ShipIt;
				"INFOPLIST_KEY_UIApplicationSceneManifest_Generation[sdk=iphoneos*]" = YES;
				"INFOPLIST_KEY_UIApplicationSceneManifest_Generation[sdk=iphonesimulator*]" = YES;
				"INFOPLIST_KEY_UIApplicationSupportsIndirectInputEvents[sdk=iphoneos*]" = YES;
				"INFOPLIST_KEY_UIApplicationSupportsIndirectInputEvents[sdk=iphonesimulator*]" = YES;
				"INFOPLIST_KEY_UILaunchScreen_Generation[sdk=iphoneos*]" = YES;
				"INFOPLIST_KEY_UILaunchScreen_Generation[sdk=iphonesimulator*]" = YES;
				"INFOPLIST_KEY_UIStatusBarStyle[sdk=iphoneos*]" = UIStatusBarStyleDefault;
				"INFOPLIST_KEY_UIStatusBarStyle[sdk=iphonesimulator*]" = UIStatusBarStyleDefault;
				INFOPLIST_KEY_UISupportedInterfaceOrientations_iPad = "UIInterfaceOrientationPortrait UIInterfaceOrientationPortraitUpsideDown UIInterfaceOrientationLandscapeLeft UIInterfaceOrientationLandscapeRight";
				INFOPLIST_KEY_UISupportedInterfaceOrientations_iPhone = "UIInterfaceOrientationPortrait UIInterfaceOrientationLandscapeLeft UIInterfaceOrientationLandscapeRight";
				IPHONEOS_DEPLOYMENT_TARGET = 16.1;
				LD_RUNPATH_SEARCH_PATHS = "@executable_path/Frameworks";
				"LD_RUNPATH_SEARCH_PATHS[sdk=macosx*]" = "@executable_path/../Frameworks";
				MACOSX_DEPLOYMENT_TARGET = 13.0;
				MARKETING_VERSION = 1.0;
				PRODUCT_BUNDLE_IDENTIFIER = com.cb.ShipIt;
				PRODUCT_NAME = "$(TARGET_NAME)";
				SDKROOT = auto;
				SUPPORTED_PLATFORMS = "iphoneos iphonesimulator macosx";
				SWIFT_EMIT_LOC_STRINGS = YES;
				SWIFT_VERSION = 5.0;
				TARGETED_DEVICE_FAMILY = "1,2";
			};
			name = Release;
		};
/* End XCBuildConfiguration section */

/* Begin XCConfigurationList section */
		9AC08315295AFB8500C0B1E0 /* Build configuration list for PBXProject "ShipIt" */ = {
			isa = XCConfigurationList;
			buildConfigurations = (
				9AC08327295AFB8600C0B1E0 /* Debug */,
				9AC08328295AFB8600C0B1E0 /* Release */,
			);
			defaultConfigurationIsVisible = 0;
			defaultConfigurationName = Release;
		};
		9AC08329295AFB8600C0B1E0 /* Build configuration list for PBXNativeTarget "ShipIt" */ = {
			isa = XCConfigurationList;
			buildConfigurations = (
				9AC0832A295AFB8600C0B1E0 /* Debug */,
				9AC0832B295AFB8600C0B1E0 /* Release */,
			);
			defaultConfigurationIsVisible = 0;
			defaultConfigurationName = Release;
		};
/* End XCConfigurationList section */

/* Begin XCRemoteSwiftPackageReference section */
		9A8FE4DB295ECAC900C81E77 /* XCRemoteSwiftPackageReference "Alamofire" */ = {
			isa = XCRemoteSwiftPackageReference;
			repositoryURL = "https://github.com/Alamofire/Alamofire";
			requirement = {
				kind = upToNextMajorVersion;
				minimumVersion = 5.0.0;
			};
		};
		9AA90196295C926800947CF2 /* XCRemoteSwiftPackageReference "Popovers" */ = {
			isa = XCRemoteSwiftPackageReference;
			repositoryURL = "https://github.com/aheze/Popovers";
			requirement = {
				kind = upToNextMajorVersion;
				minimumVersion = 1.0.0;
			};
		};
/* End XCRemoteSwiftPackageReference section */

/* Begin XCSwiftPackageProductDependency section */
		9A8FE4DC295ECAC900C81E77 /* Alamofire */ = {
			isa = XCSwiftPackageProductDependency;
			package = 9A8FE4DB295ECAC900C81E77 /* XCRemoteSwiftPackageReference "Alamofire" */;
			productName = Alamofire;
		};
		9AA90197295C926800947CF2 /* Popovers */ = {
			isa = XCSwiftPackageProductDependency;
			package = 9AA90196295C926800947CF2 /* XCRemoteSwiftPackageReference "Popovers" */;
			productName = Popovers;
		};
/* End XCSwiftPackageProductDependency section */

/* Begin XCVersionGroup section */
		D7CB4C25295C9AB6002E2032 /* Model.xcdatamodeld */ = {
			isa = XCVersionGroup;
			children = (
				D7CB4C26295C9AB7002E2032 /* Model.xcdatamodel */,
			);
			currentVersion = D7CB4C26295C9AB7002E2032 /* Model.xcdatamodel */;
			path = Model.xcdatamodeld;
			sourceTree = "<group>";
			versionGroupType = wrapper.xcdatamodel;
		};
/* End XCVersionGroup section */
	};
	rootObject = 9AC08312295AFB8500C0B1E0 /* Project object */;
}
